// !$*UTF8*$!
{
	archiveVersion = 1;
	classes = {
	};
	objectVersion = 46;
	objects = {

/* Begin PBXBuildFile section */
		AA27A24B1702D2740089463E /* GoodsInformationViewController.m in Sources */ = {isa = PBXBuildFile; fileRef = AA27A2491702D2740089463E /* GoodsInformationViewController.m */; };
		AA27A24C1702D2740089463E /* GoodsInformationViewController.xib in Resources */ = {isa = PBXBuildFile; fileRef = AA27A24A1702D2740089463E /* GoodsInformationViewController.xib */; };
		AA39EDD61704918800ED57BF /* RegistSNViewController.m in Sources */ = {isa = PBXBuildFile; fileRef = AA39EDD41704918800ED57BF /* RegistSNViewController.m */; };
		AA39EDD71704918800ED57BF /* RegistSNViewController.xib in Resources */ = {isa = PBXBuildFile; fileRef = AA39EDD51704918800ED57BF /* RegistSNViewController.xib */; };
		AA3B3B7A1704A8D9003B6540 /* SettingViewController.m in Sources */ = {isa = PBXBuildFile; fileRef = AA3B3B781704A8D9003B6540 /* SettingViewController.m */; };
		AA3B3B7B1704A8D9003B6540 /* SettingViewController.xib in Resources */ = {isa = PBXBuildFile; fileRef = AA3B3B791704A8D9003B6540 /* SettingViewController.xib */; };
		AA4384B11704391F008D9867 /* SupplierInformationViewController.m in Sources */ = {isa = PBXBuildFile; fileRef = AA4384AF1704391F008D9867 /* SupplierInformationViewController.m */; };
		AA4384B21704391F008D9867 /* SupplierInformationViewController.xib in Resources */ = {isa = PBXBuildFile; fileRef = AA4384B01704391F008D9867 /* SupplierInformationViewController.xib */; };
		AA49F8991704B0E300DB2EBA /* HelpViewController.m in Sources */ = {isa = PBXBuildFile; fileRef = AA49F8971704B0E300DB2EBA /* HelpViewController.m */; };
		AA49F89A1704B0E300DB2EBA /* HelpViewController.xib in Resources */ = {isa = PBXBuildFile; fileRef = AA49F8981704B0E300DB2EBA /* HelpViewController.xib */; };
		AA49F89D1704B1C600DB2EBA /* license.html in Resources */ = {isa = PBXBuildFile; fileRef = AA49F89C1704B1C600DB2EBA /* license.html */; };
		AA49F8A11704B34500DB2EBA /* UserSurggestViewController.m in Sources */ = {isa = PBXBuildFile; fileRef = AA49F89F1704B34500DB2EBA /* UserSurggestViewController.m */; };
		AA49F8A21704B34500DB2EBA /* UserSurggestViewController.xib in Resources */ = {isa = PBXBuildFile; fileRef = AA49F8A01704B34500DB2EBA /* UserSurggestViewController.xib */; };
		AA49F8A51704B42600DB2EBA /* YMUIButton.m in Sources */ = {isa = PBXBuildFile; fileRef = AA49F8A41704B42600DB2EBA /* YMUIButton.m */; };
		AA49F8A91704B5AF00DB2EBA /* SetPasswordViewController.m in Sources */ = {isa = PBXBuildFile; fileRef = AA49F8A71704B5AF00DB2EBA /* SetPasswordViewController.m */; };
		AA49F8AA1704B5AF00DB2EBA /* SetPasswordViewController.xib in Resources */ = {isa = PBXBuildFile; fileRef = AA49F8A81704B5AF00DB2EBA /* SetPasswordViewController.xib */; };
		AA718AE416FD76A300C71C3E /* MenuViewController.m in Sources */ = {isa = PBXBuildFile; fileRef = AA718AE216FD76A300C71C3E /* MenuViewController.m */; };
		AA718AE516FD76A300C71C3E /* MenuViewController.xib in Resources */ = {isa = PBXBuildFile; fileRef = AA718AE316FD76A300C71C3E /* MenuViewController.xib */; };
		AA7D5CA2170298FA00B6BA2D /* GoodsInventoryViewController.m in Sources */ = {isa = PBXBuildFile; fileRef = AA7D5CA0170298FA00B6BA2D /* GoodsInventoryViewController.m */; };
		AA7D5CA3170298FA00B6BA2D /* GoodsInventoryViewController.xib in Resources */ = {isa = PBXBuildFile; fileRef = AA7D5CA1170298FA00B6BA2D /* GoodsInventoryViewController.xib */; };
		AA7D5CA717029DD100B6BA2D /* GoodsInvestoryCell.m in Sources */ = {isa = PBXBuildFile; fileRef = AA7D5CA617029DD100B6BA2D /* GoodsInvestoryCell.m */; };
		AAAF66FA170405350074FF90 /* Default.png in Resources */ = {isa = PBXBuildFile; fileRef = AAAF66F9170405350074FF90 /* Default.png */; };
		AAAF66FE17041DB60074FF90 /* GoodsSellListViewController.m in Sources */ = {isa = PBXBuildFile; fileRef = AAAF66FC17041DB60074FF90 /* GoodsSellListViewController.m */; };
		AAAF66FF17041DB60074FF90 /* GoodsSellListViewController.xib in Resources */ = {isa = PBXBuildFile; fileRef = AAAF66FD17041DB60074FF90 /* GoodsSellListViewController.xib */; };
		AAAF6702170420F10074FF90 /* GoodssellCell.m in Sources */ = {isa = PBXBuildFile; fileRef = AAAF6701170420F10074FF90 /* GoodssellCell.m */; };
		AAB2EDB91704F6B600FC2F0F /* slide3.jpg in Resources */ = {isa = PBXBuildFile; fileRef = AAB2EDB61704F6B600FC2F0F /* slide3.jpg */; };
		AAB2EDBA1704F6B600FC2F0F /* slide1.jpg in Resources */ = {isa = PBXBuildFile; fileRef = AAB2EDB71704F6B600FC2F0F /* slide1.jpg */; };
		AAB2EDBB1704F6B600FC2F0F /* slide2.png in Resources */ = {isa = PBXBuildFile; fileRef = AAB2EDB81704F6B600FC2F0F /* slide2.png */; };
		AAB6562516FEF50B005C3C3A /* SellChartViewController.m in Sources */ = {isa = PBXBuildFile; fileRef = AAB6562316FEF50B005C3C3A /* SellChartViewController.m */; };
		AAB6562616FEF50B005C3C3A /* SellChartViewController.xib in Resources */ = {isa = PBXBuildFile; fileRef = AAB6562416FEF50B005C3C3A /* SellChartViewController.xib */; };
		AAB6562816FEF900005C3C3A /* tj_bj.png in Resources */ = {isa = PBXBuildFile; fileRef = AAB6562716FEF900005C3C3A /* tj_bj.png */; };
		AAB8897F16FBF70B00ED946F /* NSObject+SBJson.m in Sources */ = {isa = PBXBuildFile; fileRef = AAB8896716FBF70B00ED946F /* NSObject+SBJson.m */; };
		AAB8898016FBF70B00ED946F /* SBJsonParser.m in Sources */ = {isa = PBXBuildFile; fileRef = AAB8896A16FBF70B00ED946F /* SBJsonParser.m */; };
		AAB8898116FBF70B00ED946F /* SBJsonStreamParser.m in Sources */ = {isa = PBXBuildFile; fileRef = AAB8896C16FBF70B00ED946F /* SBJsonStreamParser.m */; };
		AAB8898216FBF70B00ED946F /* SBJsonStreamParserAccumulator.m in Sources */ = {isa = PBXBuildFile; fileRef = AAB8896E16FBF70B00ED946F /* SBJsonStreamParserAccumulator.m */; };
		AAB8898316FBF70B00ED946F /* SBJsonStreamParserAdapter.m in Sources */ = {isa = PBXBuildFile; fileRef = AAB8897016FBF70B00ED946F /* SBJsonStreamParserAdapter.m */; };
		AAB8898416FBF70B00ED946F /* SBJsonStreamParserState.m in Sources */ = {isa = PBXBuildFile; fileRef = AAB8897216FBF70B00ED946F /* SBJsonStreamParserState.m */; };
		AAB8898516FBF70B00ED946F /* SBJsonStreamWriter.m in Sources */ = {isa = PBXBuildFile; fileRef = AAB8897416FBF70B00ED946F /* SBJsonStreamWriter.m */; };
		AAB8898616FBF70B00ED946F /* SBJsonStreamWriterAccumulator.m in Sources */ = {isa = PBXBuildFile; fileRef = AAB8897616FBF70B00ED946F /* SBJsonStreamWriterAccumulator.m */; };
		AAB8898716FBF70B00ED946F /* SBJsonStreamWriterState.m in Sources */ = {isa = PBXBuildFile; fileRef = AAB8897816FBF70B00ED946F /* SBJsonStreamWriterState.m */; };
		AAB8898816FBF70B00ED946F /* SBJsonTokeniser.m in Sources */ = {isa = PBXBuildFile; fileRef = AAB8897A16FBF70B00ED946F /* SBJsonTokeniser.m */; };
		AAB8898916FBF70B00ED946F /* SBJsonUTF8Stream.m in Sources */ = {isa = PBXBuildFile; fileRef = AAB8897C16FBF70B00ED946F /* SBJsonUTF8Stream.m */; };
		AAB8898A16FBF70B00ED946F /* SBJsonWriter.m in Sources */ = {isa = PBXBuildFile; fileRef = AAB8897E16FBF70B00ED946F /* SBJsonWriter.m */; };
		AAB889A016FBF72F00ED946F /* NSAlert+MKNetworkKitAdditions.m in Sources */ = {isa = PBXBuildFile; fileRef = AAB8898D16FBF72F00ED946F /* NSAlert+MKNetworkKitAdditions.m */; };
		AAB889A116FBF72F00ED946F /* NSData+Base64.m in Sources */ = {isa = PBXBuildFile; fileRef = AAB8898F16FBF72F00ED946F /* NSData+Base64.m */; };
		AAB889A216FBF72F00ED946F /* NSDate+RFC1123.m in Sources */ = {isa = PBXBuildFile; fileRef = AAB8899116FBF72F00ED946F /* NSDate+RFC1123.m */; };
		AAB889A316FBF72F00ED946F /* NSDictionary+RequestEncoding.m in Sources */ = {isa = PBXBuildFile; fileRef = AAB8899316FBF72F00ED946F /* NSDictionary+RequestEncoding.m */; };
		AAB889A416FBF72F00ED946F /* NSString+MKNetworkKitAdditions.m in Sources */ = {isa = PBXBuildFile; fileRef = AAB8899516FBF72F00ED946F /* NSString+MKNetworkKitAdditions.m */; };
		AAB889A516FBF72F00ED946F /* UIAlertView+MKNetworkKitAdditions.m in Sources */ = {isa = PBXBuildFile; fileRef = AAB8899716FBF72F00ED946F /* UIAlertView+MKNetworkKitAdditions.m */; };
		AAB889A616FBF72F00ED946F /* MKNetworkEngine.m in Sources */ = {isa = PBXBuildFile; fileRef = AAB8899916FBF72F00ED946F /* MKNetworkEngine.m */; };
		AAB889A716FBF72F00ED946F /* MKNetworkOperation.m in Sources */ = {isa = PBXBuildFile; fileRef = AAB8899C16FBF72F00ED946F /* MKNetworkOperation.m */; };
		AAB889A816FBF72F00ED946F /* Reachability.m in Sources */ = {isa = PBXBuildFile; fileRef = AAB8899F16FBF72F00ED946F /* Reachability.m */; };
		AAB889B116FBFA2000ED946F /* YMGlobal.m in Sources */ = {isa = PBXBuildFile; fileRef = AAB889B016FBFA2000ED946F /* YMGlobal.m */; };
		AAB889B216FBFA2900ED946F /* MBProgressHUD.m in Sources */ = {isa = PBXBuildFile; fileRef = AAB889AE16FBF9FC00ED946F /* MBProgressHUD.m */; };
		AAB889B416FBFE9F00ED946F /* CFNetwork.framework in Frameworks */ = {isa = PBXBuildFile; fileRef = AAB889B316FBFE9F00ED946F /* CFNetwork.framework */; };
		AAB889B616FBFED700ED946F /* CoreMedia.framework in Frameworks */ = {isa = PBXBuildFile; fileRef = AAB889B516FBFED600ED946F /* CoreMedia.framework */; };
		AAB889B816FBFEF000ED946F /* SystemConfiguration.framework in Frameworks */ = {isa = PBXBuildFile; fileRef = AAB889B716FBFEF000ED946F /* SystemConfiguration.framework */; };
		AAB889BA16FBFF0700ED946F /* QuartzCore.framework in Frameworks */ = {isa = PBXBuildFile; fileRef = AAB889B916FBFF0700ED946F /* QuartzCore.framework */; };
		AAB889BC16FBFF1300ED946F /* Security.framework in Frameworks */ = {isa = PBXBuildFile; fileRef = AAB889BB16FBFF1300ED946F /* Security.framework */; };
		AAB889BE16FBFF3C00ED946F /* libsqlite3.dylib in Frameworks */ = {isa = PBXBuildFile; fileRef = AAB889BD16FBFF3C00ED946F /* libsqlite3.dylib */; };
		AABF78A71704DCB300289ECD /* aboutus.png in Resources */ = {isa = PBXBuildFile; fileRef = AABF78A61704DCB300289ECD /* aboutus.png */; };
		AABF78A91704DCEB00289ECD /* ic_launcher.png in Resources */ = {isa = PBXBuildFile; fileRef = AABF78A81704DCEB00289ECD /* ic_launcher.png */; };
		AABF78AD1704DEE200289ECD /* AboutUsViewController.m in Sources */ = {isa = PBXBuildFile; fileRef = AABF78AB1704DEE200289ECD /* AboutUsViewController.m */; };
		AABF78AE1704DEE200289ECD /* AboutUsViewController.xib in Resources */ = {isa = PBXBuildFile; fileRef = AABF78AC1704DEE200289ECD /* AboutUsViewController.xib */; };
		AABF78B01704E8D800289ECD /* icon.png in Resources */ = {isa = PBXBuildFile; fileRef = AABF78AF1704E8D800289ECD /* icon.png */; };
		AABF78B21704E8E900289ECD /* Icon-Small@2x.png in Resources */ = {isa = PBXBuildFile; fileRef = AABF78B11704E8E800289ECD /* Icon-Small@2x.png */; };
		AABF78B41704E90200289ECD /* Icon@2x.png in Resources */ = {isa = PBXBuildFile; fileRef = AABF78B31704E90200289ECD /* Icon@2x.png */; };
		AABF78B61704E94E00289ECD /* gys.png in Resources */ = {isa = PBXBuildFile; fileRef = AABF78B51704E94D00289ECD /* gys.png */; };
		AABF78B81704E9B100289ECD /* spxd.png in Resources */ = {isa = PBXBuildFile; fileRef = AABF78B71704E9B100289ECD /* spxd.png */; };
		AABF78BA1704EA1C00289ECD /* yszk.png in Resources */ = {isa = PBXBuildFile; fileRef = AABF78B91704EA1C00289ECD /* yszk.png */; };
		AABF7E661703D43F0094CF3B /* SuppliersListViewController.m in Sources */ = {isa = PBXBuildFile; fileRef = AABF7E641703D43F0094CF3B /* SuppliersListViewController.m */; };
		AABF7E671703D43F0094CF3B /* SuppliersListViewController.xib in Resources */ = {isa = PBXBuildFile; fileRef = AABF7E651703D43F0094CF3B /* SuppliersListViewController.xib */; };
		AABF7E6B1703D4F30094CF3B /* LibraryViewController.m in Sources */ = {isa = PBXBuildFile; fileRef = AABF7E691703D4F30094CF3B /* LibraryViewController.m */; };
		AABF7E6C1703D4F30094CF3B /* LibraryViewController.xib in Resources */ = {isa = PBXBuildFile; fileRef = AABF7E6A1703D4F30094CF3B /* LibraryViewController.xib */; };
		AABF7E6F1703DC300094CF3B /* LibraryCell.m in Sources */ = {isa = PBXBuildFile; fileRef = AABF7E6E1703DC2F0094CF3B /* LibraryCell.m */; };
		AABF7E731703E5F00094CF3B /* LibraryInformationController.m in Sources */ = {isa = PBXBuildFile; fileRef = AABF7E711703E5EF0094CF3B /* LibraryInformationController.m */; };
		AABF7E741703E5F00094CF3B /* LibraryInformationController.xib in Resources */ = {isa = PBXBuildFile; fileRef = AABF7E721703E5EF0094CF3B /* LibraryInformationController.xib */; };
		AAC4E4561704526000B65627 /* exit.png in Resources */ = {isa = PBXBuildFile; fileRef = AAC4E4551704526000B65627 /* exit.png */; };
		AAC4E4581704526B00B65627 /* gy.png in Resources */ = {isa = PBXBuildFile; fileRef = AAC4E4571704526B00B65627 /* gy.png */; };
		AAC4E45A170452A600B65627 /* xinxi.png in Resources */ = {isa = PBXBuildFile; fileRef = AAC4E459170452A600B65627 /* xinxi.png */; };
		AAC4E45C170452CF00B65627 /* sz.png in Resources */ = {isa = PBXBuildFile; fileRef = AAC4E45B170452CF00B65627 /* sz.png */; };
		AAC4E4611704534400B65627 /* SlideViewController.m in Sources */ = {isa = PBXBuildFile; fileRef = AAC4E45F1704534400B65627 /* SlideViewController.m */; };
		AAC4E4621704534400B65627 /* SlideViewController.xib in Resources */ = {isa = PBXBuildFile; fileRef = AAC4E4601704534400B65627 /* SlideViewController.xib */; };
		AAD7387E16FEBBE500047C38 /* bj.png in Resources */ = {isa = PBXBuildFile; fileRef = AAD7387D16FEBBE500047C38 /* bj.png */; };
		AAD7388016FEBBED00047C38 /* bold.png in Resources */ = {isa = PBXBuildFile; fileRef = AAD7387F16FEBBED00047C38 /* bold.png */; };
		AAD7388216FEBD1C00047C38 /* title.png in Resources */ = {isa = PBXBuildFile; fileRef = AAD7388116FEBD1C00047C38 /* title.png */; };
		AAD7388416FEBDEB00047C38 /* login_btn.png in Resources */ = {isa = PBXBuildFile; fileRef = AAD7388316FEBDEB00047C38 /* login_btn.png */; };
		AAD7388716FEC2AC00047C38 /* YMDbClass.m in Sources */ = {isa = PBXBuildFile; fileRef = AAD7388616FEC2AC00047C38 /* YMDbClass.m */; };
		AAD7388A16FEC42A00047C38 /* UserModel.m in Sources */ = {isa = PBXBuildFile; fileRef = AAD7388916FEC42A00047C38 /* UserModel.m */; };
		AAD7388C16FED1FF00047C38 /* xs.png in Resources */ = {isa = PBXBuildFile; fileRef = AAD7388B16FED1FF00047C38 /* xs.png */; };
		AAD7388E16FED21D00047C38 /* op_bj.png in Resources */ = {isa = PBXBuildFile; fileRef = AAD7388D16FED21D00047C38 /* op_bj.png */; };
		AAD7389016FED22400047C38 /* kc.png in Resources */ = {isa = PBXBuildFile; fileRef = AAD7388F16FED22400047C38 /* kc.png */; };
		AAD7389216FED22800047C38 /* hy.png in Resources */ = {isa = PBXBuildFile; fileRef = AAD7389116FED22800047C38 /* hy.png */; };
		AAD7389416FED23A00047C38 /* cg.png in Resources */ = {isa = PBXBuildFile; fileRef = AAD7389316FED23900047C38 /* cg.png */; };
		AAD7389616FED37D00047C38 /* bold_on.png in Resources */ = {isa = PBXBuildFile; fileRef = AAD7389516FED37D00047C38 /* bold_on.png */; };
		AAD7389816FEE04A00047C38 /* yg.png in Resources */ = {isa = PBXBuildFile; fileRef = AAD7389716FEE04900047C38 /* yg.png */; };
		AAE0630C16FFFE91000C5E98 /* libCorePlot-CocoaTouch.a in Frameworks */ = {isa = PBXBuildFile; fileRef = AAE0630B16FFFE91000C5E98 /* libCorePlot-CocoaTouch.a */; };
		AAED059016FBEE41006843E8 /* UIKit.framework in Frameworks */ = {isa = PBXBuildFile; fileRef = AAED058F16FBEE41006843E8 /* UIKit.framework */; };
		AAED059216FBEE41006843E8 /* Foundation.framework in Frameworks */ = {isa = PBXBuildFile; fileRef = AAED059116FBEE41006843E8 /* Foundation.framework */; };
		AAED059416FBEE41006843E8 /* CoreGraphics.framework in Frameworks */ = {isa = PBXBuildFile; fileRef = AAED059316FBEE41006843E8 /* CoreGraphics.framework */; };
		AAED059A16FBEE41006843E8 /* InfoPlist.strings in Resources */ = {isa = PBXBuildFile; fileRef = AAED059816FBEE41006843E8 /* InfoPlist.strings */; };
		AAED059C16FBEE41006843E8 /* main.m in Sources */ = {isa = PBXBuildFile; fileRef = AAED059B16FBEE41006843E8 /* main.m */; };
		AAED05A016FBEE41006843E8 /* ErpAppDelegate.m in Sources */ = {isa = PBXBuildFile; fileRef = AAED059F16FBEE41006843E8 /* ErpAppDelegate.m */; };
		AAED05A416FBEE41006843E8 /* Default@2x.png in Resources */ = {isa = PBXBuildFile; fileRef = AAED05A316FBEE41006843E8 /* Default@2x.png */; };
		AAED05A616FBEE41006843E8 /* Default-568h@2x.png in Resources */ = {isa = PBXBuildFile; fileRef = AAED05A516FBEE41006843E8 /* Default-568h@2x.png */; };
		AAED05A916FBEE41006843E8 /* ErpViewController.m in Sources */ = {isa = PBXBuildFile; fileRef = AAED05A816FBEE41006843E8 /* ErpViewController.m */; };
		AAED05AC16FBEE41006843E8 /* ErpViewController.xib in Resources */ = {isa = PBXBuildFile; fileRef = AAED05AA16FBEE41006843E8 /* ErpViewController.xib */; };
/* End PBXBuildFile section */

/* Begin PBXFileReference section */
		AA27A2481702D2740089463E /* GoodsInformationViewController.h */ = {isa = PBXFileReference; fileEncoding = 4; lastKnownFileType = sourcecode.c.h; path = GoodsInformationViewController.h; sourceTree = "<group>"; };
		AA27A2491702D2740089463E /* GoodsInformationViewController.m */ = {isa = PBXFileReference; fileEncoding = 4; lastKnownFileType = sourcecode.c.objc; path = GoodsInformationViewController.m; sourceTree = "<group>"; };
		AA27A24A1702D2740089463E /* GoodsInformationViewController.xib */ = {isa = PBXFileReference; fileEncoding = 4; lastKnownFileType = file.xib; path = GoodsInformationViewController.xib; sourceTree = "<group>"; };
		AA39EDD31704918800ED57BF /* RegistSNViewController.h */ = {isa = PBXFileReference; fileEncoding = 4; lastKnownFileType = sourcecode.c.h; path = RegistSNViewController.h; sourceTree = "<group>"; };
		AA39EDD41704918800ED57BF /* RegistSNViewController.m */ = {isa = PBXFileReference; fileEncoding = 4; lastKnownFileType = sourcecode.c.objc; path = RegistSNViewController.m; sourceTree = "<group>"; };
		AA39EDD51704918800ED57BF /* RegistSNViewController.xib */ = {isa = PBXFileReference; fileEncoding = 4; lastKnownFileType = file.xib; path = RegistSNViewController.xib; sourceTree = "<group>"; };
		AA3B3B771704A8D9003B6540 /* SettingViewController.h */ = {isa = PBXFileReference; fileEncoding = 4; lastKnownFileType = sourcecode.c.h; path = SettingViewController.h; sourceTree = "<group>"; };
		AA3B3B781704A8D9003B6540 /* SettingViewController.m */ = {isa = PBXFileReference; fileEncoding = 4; lastKnownFileType = sourcecode.c.objc; path = SettingViewController.m; sourceTree = "<group>"; };
		AA3B3B791704A8D9003B6540 /* SettingViewController.xib */ = {isa = PBXFileReference; fileEncoding = 4; lastKnownFileType = file.xib; path = SettingViewController.xib; sourceTree = "<group>"; };
		AA4384AE1704391F008D9867 /* SupplierInformationViewController.h */ = {isa = PBXFileReference; fileEncoding = 4; lastKnownFileType = sourcecode.c.h; path = SupplierInformationViewController.h; sourceTree = "<group>"; };
		AA4384AF1704391F008D9867 /* SupplierInformationViewController.m */ = {isa = PBXFileReference; fileEncoding = 4; lastKnownFileType = sourcecode.c.objc; path = SupplierInformationViewController.m; sourceTree = "<group>"; };
		AA4384B01704391F008D9867 /* SupplierInformationViewController.xib */ = {isa = PBXFileReference; fileEncoding = 4; lastKnownFileType = file.xib; path = SupplierInformationViewController.xib; sourceTree = "<group>"; };
		AA49F8961704B0E300DB2EBA /* HelpViewController.h */ = {isa = PBXFileReference; fileEncoding = 4; lastKnownFileType = sourcecode.c.h; path = HelpViewController.h; sourceTree = "<group>"; };
		AA49F8971704B0E300DB2EBA /* HelpViewController.m */ = {isa = PBXFileReference; fileEncoding = 4; lastKnownFileType = sourcecode.c.objc; path = HelpViewController.m; sourceTree = "<group>"; };
		AA49F8981704B0E300DB2EBA /* HelpViewController.xib */ = {isa = PBXFileReference; fileEncoding = 4; lastKnownFileType = file.xib; path = HelpViewController.xib; sourceTree = "<group>"; };
		AA49F89C1704B1C600DB2EBA /* license.html */ = {isa = PBXFileReference; fileEncoding = 4; lastKnownFileType = text.html; path = license.html; sourceTree = "<group>"; };
		AA49F89E1704B34500DB2EBA /* UserSurggestViewController.h */ = {isa = PBXFileReference; fileEncoding = 4; lastKnownFileType = sourcecode.c.h; path = UserSurggestViewController.h; sourceTree = "<group>"; };
		AA49F89F1704B34500DB2EBA /* UserSurggestViewController.m */ = {isa = PBXFileReference; fileEncoding = 4; lastKnownFileType = sourcecode.c.objc; path = UserSurggestViewController.m; sourceTree = "<group>"; };
		AA49F8A01704B34500DB2EBA /* UserSurggestViewController.xib */ = {isa = PBXFileReference; fileEncoding = 4; lastKnownFileType = file.xib; path = UserSurggestViewController.xib; sourceTree = "<group>"; };
		AA49F8A31704B42600DB2EBA /* YMUIButton.h */ = {isa = PBXFileReference; fileEncoding = 4; lastKnownFileType = sourcecode.c.h; path = YMUIButton.h; sourceTree = "<group>"; };
		AA49F8A41704B42600DB2EBA /* YMUIButton.m */ = {isa = PBXFileReference; fileEncoding = 4; lastKnownFileType = sourcecode.c.objc; path = YMUIButton.m; sourceTree = "<group>"; };
		AA49F8A61704B5AF00DB2EBA /* SetPasswordViewController.h */ = {isa = PBXFileReference; fileEncoding = 4; lastKnownFileType = sourcecode.c.h; path = SetPasswordViewController.h; sourceTree = "<group>"; };
		AA49F8A71704B5AF00DB2EBA /* SetPasswordViewController.m */ = {isa = PBXFileReference; fileEncoding = 4; lastKnownFileType = sourcecode.c.objc; path = SetPasswordViewController.m; sourceTree = "<group>"; };
		AA49F8A81704B5AF00DB2EBA /* SetPasswordViewController.xib */ = {isa = PBXFileReference; fileEncoding = 4; lastKnownFileType = file.xib; path = SetPasswordViewController.xib; sourceTree = "<group>"; };
		AA718AE116FD76A300C71C3E /* MenuViewController.h */ = {isa = PBXFileReference; fileEncoding = 4; lastKnownFileType = sourcecode.c.h; path = MenuViewController.h; sourceTree = "<group>"; };
		AA718AE216FD76A300C71C3E /* MenuViewController.m */ = {isa = PBXFileReference; fileEncoding = 4; lastKnownFileType = sourcecode.c.objc; path = MenuViewController.m; sourceTree = "<group>"; };
		AA718AE316FD76A300C71C3E /* MenuViewController.xib */ = {isa = PBXFileReference; fileEncoding = 4; lastKnownFileType = file.xib; path = MenuViewController.xib; sourceTree = "<group>"; };
		AA7D5C9F170298FA00B6BA2D /* GoodsInventoryViewController.h */ = {isa = PBXFileReference; fileEncoding = 4; lastKnownFileType = sourcecode.c.h; path = GoodsInventoryViewController.h; sourceTree = "<group>"; };
		AA7D5CA0170298FA00B6BA2D /* GoodsInventoryViewController.m */ = {isa = PBXFileReference; fileEncoding = 4; lastKnownFileType = sourcecode.c.objc; path = GoodsInventoryViewController.m; sourceTree = "<group>"; };
		AA7D5CA1170298FA00B6BA2D /* GoodsInventoryViewController.xib */ = {isa = PBXFileReference; fileEncoding = 4; lastKnownFileType = file.xib; path = GoodsInventoryViewController.xib; sourceTree = "<group>"; };
		AA7D5CA517029DD100B6BA2D /* GoodsInvestoryCell.h */ = {isa = PBXFileReference; fileEncoding = 4; lastKnownFileType = sourcecode.c.h; path = GoodsInvestoryCell.h; sourceTree = "<group>"; };
		AA7D5CA617029DD100B6BA2D /* GoodsInvestoryCell.m */ = {isa = PBXFileReference; fileEncoding = 4; lastKnownFileType = sourcecode.c.objc; path = GoodsInvestoryCell.m; sourceTree = "<group>"; };
		AAAF66F9170405350074FF90 /* Default.png */ = {isa = PBXFileReference; lastKnownFileType = image.png; path = Default.png; sourceTree = "<group>"; };
		AAAF66FB17041DB60074FF90 /* GoodsSellListViewController.h */ = {isa = PBXFileReference; fileEncoding = 4; lastKnownFileType = sourcecode.c.h; path = GoodsSellListViewController.h; sourceTree = "<group>"; };
		AAAF66FC17041DB60074FF90 /* GoodsSellListViewController.m */ = {isa = PBXFileReference; fileEncoding = 4; lastKnownFileType = sourcecode.c.objc; path = GoodsSellListViewController.m; sourceTree = "<group>"; };
		AAAF66FD17041DB60074FF90 /* GoodsSellListViewController.xib */ = {isa = PBXFileReference; fileEncoding = 4; lastKnownFileType = file.xib; path = GoodsSellListViewController.xib; sourceTree = "<group>"; };
		AAAF6700170420F10074FF90 /* GoodssellCell.h */ = {isa = PBXFileReference; fileEncoding = 4; lastKnownFileType = sourcecode.c.h; path = GoodssellCell.h; sourceTree = "<group>"; };
		AAAF6701170420F10074FF90 /* GoodssellCell.m */ = {isa = PBXFileReference; fileEncoding = 4; lastKnownFileType = sourcecode.c.objc; path = GoodssellCell.m; sourceTree = "<group>"; };
		AAB2EDB61704F6B600FC2F0F /* slide3.jpg */ = {isa = PBXFileReference; lastKnownFileType = image.jpeg; path = slide3.jpg; sourceTree = "<group>"; };
		AAB2EDB71704F6B600FC2F0F /* slide1.jpg */ = {isa = PBXFileReference; lastKnownFileType = image.jpeg; path = slide1.jpg; sourceTree = "<group>"; };
		AAB2EDB81704F6B600FC2F0F /* slide2.png */ = {isa = PBXFileReference; lastKnownFileType = image.png; path = slide2.png; sourceTree = "<group>"; };
		AAB6562216FEF50B005C3C3A /* SellChartViewController.h */ = {isa = PBXFileReference; fileEncoding = 4; lastKnownFileType = sourcecode.c.h; path = SellChartViewController.h; sourceTree = "<group>"; };
		AAB6562316FEF50B005C3C3A /* SellChartViewController.m */ = {isa = PBXFileReference; fileEncoding = 4; lastKnownFileType = sourcecode.c.objc; path = SellChartViewController.m; sourceTree = "<group>"; };
		AAB6562416FEF50B005C3C3A /* SellChartViewController.xib */ = {isa = PBXFileReference; fileEncoding = 4; lastKnownFileType = file.xib; path = SellChartViewController.xib; sourceTree = "<group>"; };
		AAB6562716FEF900005C3C3A /* tj_bj.png */ = {isa = PBXFileReference; lastKnownFileType = image.png; path = tj_bj.png; sourceTree = "<group>"; };
		AAB8896616FBF70B00ED946F /* NSObject+SBJson.h */ = {isa = PBXFileReference; fileEncoding = 4; lastKnownFileType = sourcecode.c.h; path = "NSObject+SBJson.h"; sourceTree = "<group>"; };
		AAB8896716FBF70B00ED946F /* NSObject+SBJson.m */ = {isa = PBXFileReference; fileEncoding = 4; lastKnownFileType = sourcecode.c.objc; path = "NSObject+SBJson.m"; sourceTree = "<group>"; };
		AAB8896816FBF70B00ED946F /* SBJson.h */ = {isa = PBXFileReference; fileEncoding = 4; lastKnownFileType = sourcecode.c.h; path = SBJson.h; sourceTree = "<group>"; };
		AAB8896916FBF70B00ED946F /* SBJsonParser.h */ = {isa = PBXFileReference; fileEncoding = 4; lastKnownFileType = sourcecode.c.h; path = SBJsonParser.h; sourceTree = "<group>"; };
		AAB8896A16FBF70B00ED946F /* SBJsonParser.m */ = {isa = PBXFileReference; fileEncoding = 4; lastKnownFileType = sourcecode.c.objc; path = SBJsonParser.m; sourceTree = "<group>"; };
		AAB8896B16FBF70B00ED946F /* SBJsonStreamParser.h */ = {isa = PBXFileReference; fileEncoding = 4; lastKnownFileType = sourcecode.c.h; path = SBJsonStreamParser.h; sourceTree = "<group>"; };
		AAB8896C16FBF70B00ED946F /* SBJsonStreamParser.m */ = {isa = PBXFileReference; fileEncoding = 4; lastKnownFileType = sourcecode.c.objc; path = SBJsonStreamParser.m; sourceTree = "<group>"; };
		AAB8896D16FBF70B00ED946F /* SBJsonStreamParserAccumulator.h */ = {isa = PBXFileReference; fileEncoding = 4; lastKnownFileType = sourcecode.c.h; path = SBJsonStreamParserAccumulator.h; sourceTree = "<group>"; };
		AAB8896E16FBF70B00ED946F /* SBJsonStreamParserAccumulator.m */ = {isa = PBXFileReference; fileEncoding = 4; lastKnownFileType = sourcecode.c.objc; path = SBJsonStreamParserAccumulator.m; sourceTree = "<group>"; };
		AAB8896F16FBF70B00ED946F /* SBJsonStreamParserAdapter.h */ = {isa = PBXFileReference; fileEncoding = 4; lastKnownFileType = sourcecode.c.h; path = SBJsonStreamParserAdapter.h; sourceTree = "<group>"; };
		AAB8897016FBF70B00ED946F /* SBJsonStreamParserAdapter.m */ = {isa = PBXFileReference; fileEncoding = 4; lastKnownFileType = sourcecode.c.objc; path = SBJsonStreamParserAdapter.m; sourceTree = "<group>"; };
		AAB8897116FBF70B00ED946F /* SBJsonStreamParserState.h */ = {isa = PBXFileReference; fileEncoding = 4; lastKnownFileType = sourcecode.c.h; path = SBJsonStreamParserState.h; sourceTree = "<group>"; };
		AAB8897216FBF70B00ED946F /* SBJsonStreamParserState.m */ = {isa = PBXFileReference; fileEncoding = 4; lastKnownFileType = sourcecode.c.objc; path = SBJsonStreamParserState.m; sourceTree = "<group>"; };
		AAB8897316FBF70B00ED946F /* SBJsonStreamWriter.h */ = {isa = PBXFileReference; fileEncoding = 4; lastKnownFileType = sourcecode.c.h; path = SBJsonStreamWriter.h; sourceTree = "<group>"; };
		AAB8897416FBF70B00ED946F /* SBJsonStreamWriter.m */ = {isa = PBXFileReference; fileEncoding = 4; lastKnownFileType = sourcecode.c.objc; path = SBJsonStreamWriter.m; sourceTree = "<group>"; };
		AAB8897516FBF70B00ED946F /* SBJsonStreamWriterAccumulator.h */ = {isa = PBXFileReference; fileEncoding = 4; lastKnownFileType = sourcecode.c.h; path = SBJsonStreamWriterAccumulator.h; sourceTree = "<group>"; };
		AAB8897616FBF70B00ED946F /* SBJsonStreamWriterAccumulator.m */ = {isa = PBXFileReference; fileEncoding = 4; lastKnownFileType = sourcecode.c.objc; path = SBJsonStreamWriterAccumulator.m; sourceTree = "<group>"; };
		AAB8897716FBF70B00ED946F /* SBJsonStreamWriterState.h */ = {isa = PBXFileReference; fileEncoding = 4; lastKnownFileType = sourcecode.c.h; path = SBJsonStreamWriterState.h; sourceTree = "<group>"; };
		AAB8897816FBF70B00ED946F /* SBJsonStreamWriterState.m */ = {isa = PBXFileReference; fileEncoding = 4; lastKnownFileType = sourcecode.c.objc; path = SBJsonStreamWriterState.m; sourceTree = "<group>"; };
		AAB8897916FBF70B00ED946F /* SBJsonTokeniser.h */ = {isa = PBXFileReference; fileEncoding = 4; lastKnownFileType = sourcecode.c.h; path = SBJsonTokeniser.h; sourceTree = "<group>"; };
		AAB8897A16FBF70B00ED946F /* SBJsonTokeniser.m */ = {isa = PBXFileReference; fileEncoding = 4; lastKnownFileType = sourcecode.c.objc; path = SBJsonTokeniser.m; sourceTree = "<group>"; };
		AAB8897B16FBF70B00ED946F /* SBJsonUTF8Stream.h */ = {isa = PBXFileReference; fileEncoding = 4; lastKnownFileType = sourcecode.c.h; path = SBJsonUTF8Stream.h; sourceTree = "<group>"; };
		AAB8897C16FBF70B00ED946F /* SBJsonUTF8Stream.m */ = {isa = PBXFileReference; fileEncoding = 4; lastKnownFileType = sourcecode.c.objc; path = SBJsonUTF8Stream.m; sourceTree = "<group>"; };
		AAB8897D16FBF70B00ED946F /* SBJsonWriter.h */ = {isa = PBXFileReference; fileEncoding = 4; lastKnownFileType = sourcecode.c.h; path = SBJsonWriter.h; sourceTree = "<group>"; };
		AAB8897E16FBF70B00ED946F /* SBJsonWriter.m */ = {isa = PBXFileReference; fileEncoding = 4; lastKnownFileType = sourcecode.c.objc; path = SBJsonWriter.m; sourceTree = "<group>"; };
		AAB8898D16FBF72F00ED946F /* NSAlert+MKNetworkKitAdditions.m */ = {isa = PBXFileReference; fileEncoding = 4; lastKnownFileType = sourcecode.c.objc; path = "NSAlert+MKNetworkKitAdditions.m"; sourceTree = "<group>"; };
		AAB8898E16FBF72F00ED946F /* NSData+Base64.h */ = {isa = PBXFileReference; fileEncoding = 4; lastKnownFileType = sourcecode.c.h; path = "NSData+Base64.h"; sourceTree = "<group>"; };
		AAB8898F16FBF72F00ED946F /* NSData+Base64.m */ = {isa = PBXFileReference; fileEncoding = 4; lastKnownFileType = sourcecode.c.objc; path = "NSData+Base64.m"; sourceTree = "<group>"; };
		AAB8899016FBF72F00ED946F /* NSDate+RFC1123.h */ = {isa = PBXFileReference; fileEncoding = 4; lastKnownFileType = sourcecode.c.h; path = "NSDate+RFC1123.h"; sourceTree = "<group>"; };
		AAB8899116FBF72F00ED946F /* NSDate+RFC1123.m */ = {isa = PBXFileReference; fileEncoding = 4; lastKnownFileType = sourcecode.c.objc; path = "NSDate+RFC1123.m"; sourceTree = "<group>"; };
		AAB8899216FBF72F00ED946F /* NSDictionary+RequestEncoding.h */ = {isa = PBXFileReference; fileEncoding = 4; lastKnownFileType = sourcecode.c.h; path = "NSDictionary+RequestEncoding.h"; sourceTree = "<group>"; };
		AAB8899316FBF72F00ED946F /* NSDictionary+RequestEncoding.m */ = {isa = PBXFileReference; fileEncoding = 4; lastKnownFileType = sourcecode.c.objc; path = "NSDictionary+RequestEncoding.m"; sourceTree = "<group>"; };
		AAB8899416FBF72F00ED946F /* NSString+MKNetworkKitAdditions.h */ = {isa = PBXFileReference; fileEncoding = 4; lastKnownFileType = sourcecode.c.h; path = "NSString+MKNetworkKitAdditions.h"; sourceTree = "<group>"; };
		AAB8899516FBF72F00ED946F /* NSString+MKNetworkKitAdditions.m */ = {isa = PBXFileReference; fileEncoding = 4; lastKnownFileType = sourcecode.c.objc; path = "NSString+MKNetworkKitAdditions.m"; sourceTree = "<group>"; };
		AAB8899616FBF72F00ED946F /* UIAlertView+MKNetworkKitAdditions.h */ = {isa = PBXFileReference; fileEncoding = 4; lastKnownFileType = sourcecode.c.h; path = "UIAlertView+MKNetworkKitAdditions.h"; sourceTree = "<group>"; };
		AAB8899716FBF72F00ED946F /* UIAlertView+MKNetworkKitAdditions.m */ = {isa = PBXFileReference; fileEncoding = 4; lastKnownFileType = sourcecode.c.objc; path = "UIAlertView+MKNetworkKitAdditions.m"; sourceTree = "<group>"; };
		AAB8899816FBF72F00ED946F /* MKNetworkEngine.h */ = {isa = PBXFileReference; fileEncoding = 4; lastKnownFileType = sourcecode.c.h; path = MKNetworkEngine.h; sourceTree = "<group>"; };
		AAB8899916FBF72F00ED946F /* MKNetworkEngine.m */ = {isa = PBXFileReference; fileEncoding = 4; lastKnownFileType = sourcecode.c.objc; path = MKNetworkEngine.m; sourceTree = "<group>"; };
		AAB8899A16FBF72F00ED946F /* MKNetworkKit.h */ = {isa = PBXFileReference; fileEncoding = 4; lastKnownFileType = sourcecode.c.h; path = MKNetworkKit.h; sourceTree = "<group>"; };
		AAB8899B16FBF72F00ED946F /* MKNetworkOperation.h */ = {isa = PBXFileReference; fileEncoding = 4; lastKnownFileType = sourcecode.c.h; path = MKNetworkOperation.h; sourceTree = "<group>"; };
		AAB8899C16FBF72F00ED946F /* MKNetworkOperation.m */ = {isa = PBXFileReference; fileEncoding = 4; lastKnownFileType = sourcecode.c.objc; path = MKNetworkOperation.m; sourceTree = "<group>"; };
		AAB8899E16FBF72F00ED946F /* Reachability.h */ = {isa = PBXFileReference; fileEncoding = 4; lastKnownFileType = sourcecode.c.h; path = Reachability.h; sourceTree = "<group>"; };
		AAB8899F16FBF72F00ED946F /* Reachability.m */ = {isa = PBXFileReference; fileEncoding = 4; lastKnownFileType = sourcecode.c.objc; path = Reachability.m; sourceTree = "<group>"; };
		AAB889AA16FBF7B700ED946F /* Constants.h */ = {isa = PBXFileReference; fileEncoding = 4; lastKnownFileType = sourcecode.c.h; path = Constants.h; sourceTree = "<group>"; };
		AAB889AD16FBF9FC00ED946F /* MBProgressHUD.h */ = {isa = PBXFileReference; lastKnownFileType = sourcecode.c.h; path = MBProgressHUD.h; sourceTree = "<group>"; };
		AAB889AE16FBF9FC00ED946F /* MBProgressHUD.m */ = {isa = PBXFileReference; lastKnownFileType = sourcecode.c.objc; path = MBProgressHUD.m; sourceTree = "<group>"; };
		AAB889AF16FBFA2000ED946F /* YMGlobal.h */ = {isa = PBXFileReference; fileEncoding = 4; lastKnownFileType = sourcecode.c.h; path = YMGlobal.h; sourceTree = "<group>"; };
		AAB889B016FBFA2000ED946F /* YMGlobal.m */ = {isa = PBXFileReference; fileEncoding = 4; lastKnownFileType = sourcecode.c.objc; path = YMGlobal.m; sourceTree = "<group>"; };
		AAB889B316FBFE9F00ED946F /* CFNetwork.framework */ = {isa = PBXFileReference; lastKnownFileType = wrapper.framework; name = CFNetwork.framework; path = System/Library/Frameworks/CFNetwork.framework; sourceTree = SDKROOT; };
		AAB889B516FBFED600ED946F /* CoreMedia.framework */ = {isa = PBXFileReference; lastKnownFileType = wrapper.framework; name = CoreMedia.framework; path = System/Library/Frameworks/CoreMedia.framework; sourceTree = SDKROOT; };
		AAB889B716FBFEF000ED946F /* SystemConfiguration.framework */ = {isa = PBXFileReference; lastKnownFileType = wrapper.framework; name = SystemConfiguration.framework; path = System/Library/Frameworks/SystemConfiguration.framework; sourceTree = SDKROOT; };
		AAB889B916FBFF0700ED946F /* QuartzCore.framework */ = {isa = PBXFileReference; lastKnownFileType = wrapper.framework; name = QuartzCore.framework; path = System/Library/Frameworks/QuartzCore.framework; sourceTree = SDKROOT; };
		AAB889BB16FBFF1300ED946F /* Security.framework */ = {isa = PBXFileReference; lastKnownFileType = wrapper.framework; name = Security.framework; path = System/Library/Frameworks/Security.framework; sourceTree = SDKROOT; };
		AAB889BD16FBFF3C00ED946F /* libsqlite3.dylib */ = {isa = PBXFileReference; lastKnownFileType = "compiled.mach-o.dylib"; name = libsqlite3.dylib; path = usr/lib/libsqlite3.dylib; sourceTree = SDKROOT; };
		AABF78A61704DCB300289ECD /* aboutus.png */ = {isa = PBXFileReference; lastKnownFileType = image.png; path = aboutus.png; sourceTree = "<group>"; };
		AABF78A81704DCEB00289ECD /* ic_launcher.png */ = {isa = PBXFileReference; lastKnownFileType = image.png; path = ic_launcher.png; sourceTree = "<group>"; };
		AABF78AA1704DEE200289ECD /* AboutUsViewController.h */ = {isa = PBXFileReference; fileEncoding = 4; lastKnownFileType = sourcecode.c.h; path = AboutUsViewController.h; sourceTree = "<group>"; };
		AABF78AB1704DEE200289ECD /* AboutUsViewController.m */ = {isa = PBXFileReference; fileEncoding = 4; lastKnownFileType = sourcecode.c.objc; path = AboutUsViewController.m; sourceTree = "<group>"; };
		AABF78AC1704DEE200289ECD /* AboutUsViewController.xib */ = {isa = PBXFileReference; fileEncoding = 4; lastKnownFileType = file.xib; path = AboutUsViewController.xib; sourceTree = "<group>"; };
		AABF78AF1704E8D800289ECD /* icon.png */ = {isa = PBXFileReference; lastKnownFileType = image.png; path = icon.png; sourceTree = "<group>"; };
		AABF78B11704E8E800289ECD /* Icon-Small@2x.png */ = {isa = PBXFileReference; lastKnownFileType = image.png; path = "Icon-Small@2x.png"; sourceTree = "<group>"; };
		AABF78B31704E90200289ECD /* Icon@2x.png */ = {isa = PBXFileReference; lastKnownFileType = image.png; path = "Icon@2x.png"; sourceTree = "<group>"; };
		AABF78B51704E94D00289ECD /* gys.png */ = {isa = PBXFileReference; lastKnownFileType = image.png; path = gys.png; sourceTree = "<group>"; };
		AABF78B71704E9B100289ECD /* spxd.png */ = {isa = PBXFileReference; lastKnownFileType = image.png; path = spxd.png; sourceTree = "<group>"; };
		AABF78B91704EA1C00289ECD /* yszk.png */ = {isa = PBXFileReference; lastKnownFileType = image.png; path = yszk.png; sourceTree = "<group>"; };
		AABF7E631703D43F0094CF3B /* SuppliersListViewController.h */ = {isa = PBXFileReference; fileEncoding = 4; lastKnownFileType = sourcecode.c.h; path = SuppliersListViewController.h; sourceTree = "<group>"; };
		AABF7E641703D43F0094CF3B /* SuppliersListViewController.m */ = {isa = PBXFileReference; fileEncoding = 4; lastKnownFileType = sourcecode.c.objc; path = SuppliersListViewController.m; sourceTree = "<group>"; };
		AABF7E651703D43F0094CF3B /* SuppliersListViewController.xib */ = {isa = PBXFileReference; fileEncoding = 4; lastKnownFileType = file.xib; path = SuppliersListViewController.xib; sourceTree = "<group>"; };
		AABF7E681703D4F30094CF3B /* LibraryViewController.h */ = {isa = PBXFileReference; fileEncoding = 4; lastKnownFileType = sourcecode.c.h; path = LibraryViewController.h; sourceTree = "<group>"; };
		AABF7E691703D4F30094CF3B /* LibraryViewController.m */ = {isa = PBXFileReference; fileEncoding = 4; lastKnownFileType = sourcecode.c.objc; path = LibraryViewController.m; sourceTree = "<group>"; };
		AABF7E6A1703D4F30094CF3B /* LibraryViewController.xib */ = {isa = PBXFileReference; fileEncoding = 4; lastKnownFileType = file.xib; path = LibraryViewController.xib; sourceTree = "<group>"; };
		AABF7E6D1703DC2F0094CF3B /* LibraryCell.h */ = {isa = PBXFileReference; fileEncoding = 4; lastKnownFileType = sourcecode.c.h; path = LibraryCell.h; sourceTree = "<group>"; };
		AABF7E6E1703DC2F0094CF3B /* LibraryCell.m */ = {isa = PBXFileReference; fileEncoding = 4; lastKnownFileType = sourcecode.c.objc; path = LibraryCell.m; sourceTree = "<group>"; };
		AABF7E701703E5EF0094CF3B /* LibraryInformationController.h */ = {isa = PBXFileReference; fileEncoding = 4; lastKnownFileType = sourcecode.c.h; path = LibraryInformationController.h; sourceTree = "<group>"; };
		AABF7E711703E5EF0094CF3B /* LibraryInformationController.m */ = {isa = PBXFileReference; fileEncoding = 4; lastKnownFileType = sourcecode.c.objc; path = LibraryInformationController.m; sourceTree = "<group>"; };
		AABF7E721703E5EF0094CF3B /* LibraryInformationController.xib */ = {isa = PBXFileReference; fileEncoding = 4; lastKnownFileType = file.xib; path = LibraryInformationController.xib; sourceTree = "<group>"; };
		AAC4E4551704526000B65627 /* exit.png */ = {isa = PBXFileReference; lastKnownFileType = image.png; path = exit.png; sourceTree = "<group>"; };
		AAC4E4571704526B00B65627 /* gy.png */ = {isa = PBXFileReference; lastKnownFileType = image.png; path = gy.png; sourceTree = "<group>"; };
		AAC4E459170452A600B65627 /* xinxi.png */ = {isa = PBXFileReference; lastKnownFileType = image.png; path = xinxi.png; sourceTree = "<group>"; };
		AAC4E45B170452CF00B65627 /* sz.png */ = {isa = PBXFileReference; lastKnownFileType = image.png; path = sz.png; sourceTree = "<group>"; };
		AAC4E45E1704534400B65627 /* SlideViewController.h */ = {isa = PBXFileReference; fileEncoding = 4; lastKnownFileType = sourcecode.c.h; path = SlideViewController.h; sourceTree = "<group>"; };
		AAC4E45F1704534400B65627 /* SlideViewController.m */ = {isa = PBXFileReference; fileEncoding = 4; lastKnownFileType = sourcecode.c.objc; path = SlideViewController.m; sourceTree = "<group>"; };
		AAC4E4601704534400B65627 /* SlideViewController.xib */ = {isa = PBXFileReference; fileEncoding = 4; lastKnownFileType = file.xib; path = SlideViewController.xib; sourceTree = "<group>"; };
		AAD7387D16FEBBE500047C38 /* bj.png */ = {isa = PBXFileReference; lastKnownFileType = image.png; path = bj.png; sourceTree = "<group>"; };
		AAD7387F16FEBBED00047C38 /* bold.png */ = {isa = PBXFileReference; lastKnownFileType = image.png; path = bold.png; sourceTree = "<group>"; };
		AAD7388116FEBD1C00047C38 /* title.png */ = {isa = PBXFileReference; lastKnownFileType = image.png; path = title.png; sourceTree = "<group>"; };
		AAD7388316FEBDEB00047C38 /* login_btn.png */ = {isa = PBXFileReference; lastKnownFileType = image.png; path = login_btn.png; sourceTree = "<group>"; };
		AAD7388516FEC2AC00047C38 /* YMDbClass.h */ = {isa = PBXFileReference; fileEncoding = 4; lastKnownFileType = sourcecode.c.h; path = YMDbClass.h; sourceTree = "<group>"; };
		AAD7388616FEC2AC00047C38 /* YMDbClass.m */ = {isa = PBXFileReference; fileEncoding = 4; lastKnownFileType = sourcecode.c.objc; path = YMDbClass.m; sourceTree = "<group>"; };
		AAD7388816FEC42A00047C38 /* UserModel.h */ = {isa = PBXFileReference; fileEncoding = 4; lastKnownFileType = sourcecode.c.h; path = UserModel.h; sourceTree = "<group>"; };
		AAD7388916FEC42A00047C38 /* UserModel.m */ = {isa = PBXFileReference; fileEncoding = 4; lastKnownFileType = sourcecode.c.objc; path = UserModel.m; sourceTree = "<group>"; };
		AAD7388B16FED1FF00047C38 /* xs.png */ = {isa = PBXFileReference; lastKnownFileType = image.png; path = xs.png; sourceTree = "<group>"; };
		AAD7388D16FED21D00047C38 /* op_bj.png */ = {isa = PBXFileReference; lastKnownFileType = image.png; path = op_bj.png; sourceTree = "<group>"; };
		AAD7388F16FED22400047C38 /* kc.png */ = {isa = PBXFileReference; lastKnownFileType = image.png; path = kc.png; sourceTree = "<group>"; };
		AAD7389116FED22800047C38 /* hy.png */ = {isa = PBXFileReference; lastKnownFileType = image.png; path = hy.png; sourceTree = "<group>"; };
		AAD7389316FED23900047C38 /* cg.png */ = {isa = PBXFileReference; lastKnownFileType = image.png; path = cg.png; sourceTree = "<group>"; };
		AAD7389516FED37D00047C38 /* bold_on.png */ = {isa = PBXFileReference; lastKnownFileType = image.png; path = bold_on.png; sourceTree = "<group>"; };
		AAD7389716FEE04900047C38 /* yg.png */ = {isa = PBXFileReference; lastKnownFileType = image.png; path = yg.png; sourceTree = "<group>"; };
		AAE062BC16FFFE6D000C5E98 /* _CPTConstraintsFixed.h */ = {isa = PBXFileReference; fileEncoding = 4; lastKnownFileType = sourcecode.c.h; path = _CPTConstraintsFixed.h; sourceTree = "<group>"; };
		AAE062BD16FFFE6D000C5E98 /* _CPTConstraintsRelative.h */ = {isa = PBXFileReference; fileEncoding = 4; lastKnownFileType = sourcecode.c.h; path = _CPTConstraintsRelative.h; sourceTree = "<group>"; };
		AAE062BE16FFFE6D000C5E98 /* _CPTDarkGradientTheme.h */ = {isa = PBXFileReference; fileEncoding = 4; lastKnownFileType = sourcecode.c.h; path = _CPTDarkGradientTheme.h; sourceTree = "<group>"; };
		AAE062BF16FFFE6D000C5E98 /* _CPTFillColor.h */ = {isa = PBXFileReference; fileEncoding = 4; lastKnownFileType = sourcecode.c.h; path = _CPTFillColor.h; sourceTree = "<group>"; };
		AAE062C016FFFE6D000C5E98 /* _CPTFillGradient.h */ = {isa = PBXFileReference; fileEncoding = 4; lastKnownFileType = sourcecode.c.h; path = _CPTFillGradient.h; sourceTree = "<group>"; };
		AAE062C116FFFE6D000C5E98 /* _CPTFillImage.h */ = {isa = PBXFileReference; fileEncoding = 4; lastKnownFileType = sourcecode.c.h; path = _CPTFillImage.h; sourceTree = "<group>"; };
		AAE062C216FFFE6D000C5E98 /* _CPTPlainBlackTheme.h */ = {isa = PBXFileReference; fileEncoding = 4; lastKnownFileType = sourcecode.c.h; path = _CPTPlainBlackTheme.h; sourceTree = "<group>"; };
		AAE062C316FFFE6D000C5E98 /* _CPTPlainWhiteTheme.h */ = {isa = PBXFileReference; fileEncoding = 4; lastKnownFileType = sourcecode.c.h; path = _CPTPlainWhiteTheme.h; sourceTree = "<group>"; };
		AAE062C416FFFE6D000C5E98 /* _CPTSlateTheme.h */ = {isa = PBXFileReference; fileEncoding = 4; lastKnownFileType = sourcecode.c.h; path = _CPTSlateTheme.h; sourceTree = "<group>"; };
		AAE062C516FFFE6D000C5E98 /* _CPTStocksTheme.h */ = {isa = PBXFileReference; fileEncoding = 4; lastKnownFileType = sourcecode.c.h; path = _CPTStocksTheme.h; sourceTree = "<group>"; };
		AAE062C616FFFE6D000C5E98 /* _CPTXYTheme.h */ = {isa = PBXFileReference; fileEncoding = 4; lastKnownFileType = sourcecode.c.h; path = _CPTXYTheme.h; sourceTree = "<group>"; };
		AAE062C716FFFE6D000C5E98 /* CorePlot-CocoaTouch.h */ = {isa = PBXFileReference; fileEncoding = 4; lastKnownFileType = sourcecode.c.h; path = "CorePlot-CocoaTouch.h"; sourceTree = "<group>"; };
		AAE062C816FFFE6D000C5E98 /* CPTAnnotation.h */ = {isa = PBXFileReference; fileEncoding = 4; lastKnownFileType = sourcecode.c.h; path = CPTAnnotation.h; sourceTree = "<group>"; };
		AAE062C916FFFE6D000C5E98 /* CPTAnnotationHostLayer.h */ = {isa = PBXFileReference; fileEncoding = 4; lastKnownFileType = sourcecode.c.h; path = CPTAnnotationHostLayer.h; sourceTree = "<group>"; };
		AAE062CA16FFFE6D000C5E98 /* CPTAxis.h */ = {isa = PBXFileReference; fileEncoding = 4; lastKnownFileType = sourcecode.c.h; path = CPTAxis.h; sourceTree = "<group>"; };
		AAE062CB16FFFE6E000C5E98 /* CPTAxisLabel.h */ = {isa = PBXFileReference; fileEncoding = 4; lastKnownFileType = sourcecode.c.h; path = CPTAxisLabel.h; sourceTree = "<group>"; };
		AAE062CC16FFFE6E000C5E98 /* CPTAxisLabelGroup.h */ = {isa = PBXFileReference; fileEncoding = 4; lastKnownFileType = sourcecode.c.h; path = CPTAxisLabelGroup.h; sourceTree = "<group>"; };
		AAE062CD16FFFE6E000C5E98 /* CPTAxisSet.h */ = {isa = PBXFileReference; fileEncoding = 4; lastKnownFileType = sourcecode.c.h; path = CPTAxisSet.h; sourceTree = "<group>"; };
		AAE062CE16FFFE6E000C5E98 /* CPTAxisTitle.h */ = {isa = PBXFileReference; fileEncoding = 4; lastKnownFileType = sourcecode.c.h; path = CPTAxisTitle.h; sourceTree = "<group>"; };
		AAE062CF16FFFE6E000C5E98 /* CPTBarPlot.h */ = {isa = PBXFileReference; fileEncoding = 4; lastKnownFileType = sourcecode.c.h; path = CPTBarPlot.h; sourceTree = "<group>"; };
		AAE062D016FFFE6E000C5E98 /* CPTBorderedLayer.h */ = {isa = PBXFileReference; fileEncoding = 4; lastKnownFileType = sourcecode.c.h; path = CPTBorderedLayer.h; sourceTree = "<group>"; };
		AAE062D116FFFE6E000C5E98 /* CPTColor.h */ = {isa = PBXFileReference; fileEncoding = 4; lastKnownFileType = sourcecode.c.h; path = CPTColor.h; sourceTree = "<group>"; };
		AAE062D216FFFE6E000C5E98 /* CPTColorSpace.h */ = {isa = PBXFileReference; fileEncoding = 4; lastKnownFileType = sourcecode.c.h; path = CPTColorSpace.h; sourceTree = "<group>"; };
		AAE062D316FFFE6E000C5E98 /* CPTConstraints.h */ = {isa = PBXFileReference; fileEncoding = 4; lastKnownFileType = sourcecode.c.h; path = CPTConstraints.h; sourceTree = "<group>"; };
		AAE062D416FFFE6E000C5E98 /* CPTDefinitions.h */ = {isa = PBXFileReference; fileEncoding = 4; lastKnownFileType = sourcecode.c.h; path = CPTDefinitions.h; sourceTree = "<group>"; };
		AAE062D516FFFE6E000C5E98 /* CPTExceptions.h */ = {isa = PBXFileReference; fileEncoding = 4; lastKnownFileType = sourcecode.c.h; path = CPTExceptions.h; sourceTree = "<group>"; };
		AAE062D616FFFE6E000C5E98 /* CPTFill.h */ = {isa = PBXFileReference; fileEncoding = 4; lastKnownFileType = sourcecode.c.h; path = CPTFill.h; sourceTree = "<group>"; };
		AAE062D716FFFE6E000C5E98 /* CPTGradient.h */ = {isa = PBXFileReference; fileEncoding = 4; lastKnownFileType = sourcecode.c.h; path = CPTGradient.h; sourceTree = "<group>"; };
		AAE062D816FFFE6E000C5E98 /* CPTGraph.h */ = {isa = PBXFileReference; fileEncoding = 4; lastKnownFileType = sourcecode.c.h; path = CPTGraph.h; sourceTree = "<group>"; };
		AAE062D916FFFE6E000C5E98 /* CPTGraphHostingView.h */ = {isa = PBXFileReference; fileEncoding = 4; lastKnownFileType = sourcecode.c.h; path = CPTGraphHostingView.h; sourceTree = "<group>"; };
		AAE062DA16FFFE6E000C5E98 /* CPTGridLineGroup.h */ = {isa = PBXFileReference; fileEncoding = 4; lastKnownFileType = sourcecode.c.h; path = CPTGridLineGroup.h; sourceTree = "<group>"; };
		AAE062DB16FFFE6E000C5E98 /* CPTGridLines.h */ = {isa = PBXFileReference; fileEncoding = 4; lastKnownFileType = sourcecode.c.h; path = CPTGridLines.h; sourceTree = "<group>"; };
		AAE062DC16FFFE6E000C5E98 /* CPTImage.h */ = {isa = PBXFileReference; fileEncoding = 4; lastKnownFileType = sourcecode.c.h; path = CPTImage.h; sourceTree = "<group>"; };
		AAE062DD16FFFE6E000C5E98 /* CPTLayer.h */ = {isa = PBXFileReference; fileEncoding = 4; lastKnownFileType = sourcecode.c.h; path = CPTLayer.h; sourceTree = "<group>"; };
		AAE062DE16FFFE6E000C5E98 /* CPTLayerAnnotation.h */ = {isa = PBXFileReference; fileEncoding = 4; lastKnownFileType = sourcecode.c.h; path = CPTLayerAnnotation.h; sourceTree = "<group>"; };
		AAE062DF16FFFE6E000C5E98 /* CPTLegend.h */ = {isa = PBXFileReference; fileEncoding = 4; lastKnownFileType = sourcecode.c.h; path = CPTLegend.h; sourceTree = "<group>"; };
		AAE062E016FFFE6E000C5E98 /* CPTLegendEntry.h */ = {isa = PBXFileReference; fileEncoding = 4; lastKnownFileType = sourcecode.c.h; path = CPTLegendEntry.h; sourceTree = "<group>"; };
		AAE062E116FFFE6E000C5E98 /* CPTLimitBand.h */ = {isa = PBXFileReference; fileEncoding = 4; lastKnownFileType = sourcecode.c.h; path = CPTLimitBand.h; sourceTree = "<group>"; };
		AAE062E216FFFE6E000C5E98 /* CPTLineCap.h */ = {isa = PBXFileReference; fileEncoding = 4; lastKnownFileType = sourcecode.c.h; path = CPTLineCap.h; sourceTree = "<group>"; };
		AAE062E316FFFE6E000C5E98 /* CPTLineStyle.h */ = {isa = PBXFileReference; fileEncoding = 4; lastKnownFileType = sourcecode.c.h; path = CPTLineStyle.h; sourceTree = "<group>"; };
		AAE062E416FFFE6E000C5E98 /* CPTMutableLineStyle.h */ = {isa = PBXFileReference; fileEncoding = 4; lastKnownFileType = sourcecode.c.h; path = CPTMutableLineStyle.h; sourceTree = "<group>"; };
		AAE062E516FFFE6E000C5E98 /* CPTMutableNumericData+TypeConversion.h */ = {isa = PBXFileReference; fileEncoding = 4; lastKnownFileType = sourcecode.c.h; path = "CPTMutableNumericData+TypeConversion.h"; sourceTree = "<group>"; };
		AAE062E616FFFE6E000C5E98 /* CPTMutableNumericData.h */ = {isa = PBXFileReference; fileEncoding = 4; lastKnownFileType = sourcecode.c.h; path = CPTMutableNumericData.h; sourceTree = "<group>"; };
		AAE062E716FFFE6E000C5E98 /* CPTMutablePlotRange.h */ = {isa = PBXFileReference; fileEncoding = 4; lastKnownFileType = sourcecode.c.h; path = CPTMutablePlotRange.h; sourceTree = "<group>"; };
		AAE062E816FFFE6E000C5E98 /* CPTMutableShadow.h */ = {isa = PBXFileReference; fileEncoding = 4; lastKnownFileType = sourcecode.c.h; path = CPTMutableShadow.h; sourceTree = "<group>"; };
		AAE062E916FFFE6E000C5E98 /* CPTMutableTextStyle.h */ = {isa = PBXFileReference; fileEncoding = 4; lastKnownFileType = sourcecode.c.h; path = CPTMutableTextStyle.h; sourceTree = "<group>"; };
		AAE062EA16FFFE6E000C5E98 /* CPTNumericData+TypeConversion.h */ = {isa = PBXFileReference; fileEncoding = 4; lastKnownFileType = sourcecode.c.h; path = "CPTNumericData+TypeConversion.h"; sourceTree = "<group>"; };
		AAE062EB16FFFE6E000C5E98 /* CPTNumericData.h */ = {isa = PBXFileReference; fileEncoding = 4; lastKnownFileType = sourcecode.c.h; path = CPTNumericData.h; sourceTree = "<group>"; };
		AAE062EC16FFFE6E000C5E98 /* CPTNumericDataType.h */ = {isa = PBXFileReference; fileEncoding = 4; lastKnownFileType = sourcecode.c.h; path = CPTNumericDataType.h; sourceTree = "<group>"; };
		AAE062ED16FFFE6E000C5E98 /* CPTPathExtensions.h */ = {isa = PBXFileReference; fileEncoding = 4; lastKnownFileType = sourcecode.c.h; path = CPTPathExtensions.h; sourceTree = "<group>"; };
		AAE062EE16FFFE6E000C5E98 /* CPTPieChart.h */ = {isa = PBXFileReference; fileEncoding = 4; lastKnownFileType = sourcecode.c.h; path = CPTPieChart.h; sourceTree = "<group>"; };
		AAE062EF16FFFE6E000C5E98 /* CPTPlatformSpecificCategories.h */ = {isa = PBXFileReference; fileEncoding = 4; lastKnownFileType = sourcecode.c.h; path = CPTPlatformSpecificCategories.h; sourceTree = "<group>"; };
		AAE062F016FFFE6E000C5E98 /* CPTPlatformSpecificDefines.h */ = {isa = PBXFileReference; fileEncoding = 4; lastKnownFileType = sourcecode.c.h; path = CPTPlatformSpecificDefines.h; sourceTree = "<group>"; };
		AAE062F116FFFE6E000C5E98 /* CPTPlatformSpecificFunctions.h */ = {isa = PBXFileReference; fileEncoding = 4; lastKnownFileType = sourcecode.c.h; path = CPTPlatformSpecificFunctions.h; sourceTree = "<group>"; };
		AAE062F216FFFE6E000C5E98 /* CPTPlot.h */ = {isa = PBXFileReference; fileEncoding = 4; lastKnownFileType = sourcecode.c.h; path = CPTPlot.h; sourceTree = "<group>"; };
		AAE062F316FFFE6E000C5E98 /* CPTPlotArea.h */ = {isa = PBXFileReference; fileEncoding = 4; lastKnownFileType = sourcecode.c.h; path = CPTPlotArea.h; sourceTree = "<group>"; };
		AAE062F416FFFE6E000C5E98 /* CPTPlotAreaFrame.h */ = {isa = PBXFileReference; fileEncoding = 4; lastKnownFileType = sourcecode.c.h; path = CPTPlotAreaFrame.h; sourceTree = "<group>"; };
		AAE062F516FFFE6E000C5E98 /* CPTPlotGroup.h */ = {isa = PBXFileReference; fileEncoding = 4; lastKnownFileType = sourcecode.c.h; path = CPTPlotGroup.h; sourceTree = "<group>"; };
		AAE062F616FFFE6E000C5E98 /* CPTPlotRange.h */ = {isa = PBXFileReference; fileEncoding = 4; lastKnownFileType = sourcecode.c.h; path = CPTPlotRange.h; sourceTree = "<group>"; };
		AAE062F716FFFE6E000C5E98 /* CPTPlotSpace.h */ = {isa = PBXFileReference; fileEncoding = 4; lastKnownFileType = sourcecode.c.h; path = CPTPlotSpace.h; sourceTree = "<group>"; };
		AAE062F816FFFE6E000C5E98 /* CPTPlotSpaceAnnotation.h */ = {isa = PBXFileReference; fileEncoding = 4; lastKnownFileType = sourcecode.c.h; path = CPTPlotSpaceAnnotation.h; sourceTree = "<group>"; };
		AAE062F916FFFE6E000C5E98 /* CPTPlotSymbol.h */ = {isa = PBXFileReference; fileEncoding = 4; lastKnownFileType = sourcecode.c.h; path = CPTPlotSymbol.h; sourceTree = "<group>"; };
		AAE062FA16FFFE6E000C5E98 /* CPTRangePlot.h */ = {isa = PBXFileReference; fileEncoding = 4; lastKnownFileType = sourcecode.c.h; path = CPTRangePlot.h; sourceTree = "<group>"; };
		AAE062FB16FFFE6E000C5E98 /* CPTResponder.h */ = {isa = PBXFileReference; fileEncoding = 4; lastKnownFileType = sourcecode.c.h; path = CPTResponder.h; sourceTree = "<group>"; };
		AAE062FC16FFFE6E000C5E98 /* CPTScatterPlot.h */ = {isa = PBXFileReference; fileEncoding = 4; lastKnownFileType = sourcecode.c.h; path = CPTScatterPlot.h; sourceTree = "<group>"; };
		AAE062FD16FFFE6E000C5E98 /* CPTShadow.h */ = {isa = PBXFileReference; fileEncoding = 4; lastKnownFileType = sourcecode.c.h; path = CPTShadow.h; sourceTree = "<group>"; };
		AAE062FE16FFFE6E000C5E98 /* CPTTextLayer.h */ = {isa = PBXFileReference; fileEncoding = 4; lastKnownFileType = sourcecode.c.h; path = CPTTextLayer.h; sourceTree = "<group>"; };
		AAE062FF16FFFE6E000C5E98 /* CPTTextStyle.h */ = {isa = PBXFileReference; fileEncoding = 4; lastKnownFileType = sourcecode.c.h; path = CPTTextStyle.h; sourceTree = "<group>"; };
		AAE0630016FFFE6E000C5E98 /* CPTTheme.h */ = {isa = PBXFileReference; fileEncoding = 4; lastKnownFileType = sourcecode.c.h; path = CPTTheme.h; sourceTree = "<group>"; };
		AAE0630116FFFE6E000C5E98 /* CPTTimeFormatter.h */ = {isa = PBXFileReference; fileEncoding = 4; lastKnownFileType = sourcecode.c.h; path = CPTTimeFormatter.h; sourceTree = "<group>"; };
		AAE0630216FFFE6E000C5E98 /* CPTTradingRangePlot.h */ = {isa = PBXFileReference; fileEncoding = 4; lastKnownFileType = sourcecode.c.h; path = CPTTradingRangePlot.h; sourceTree = "<group>"; };
		AAE0630316FFFE6E000C5E98 /* CPTUtilities.h */ = {isa = PBXFileReference; fileEncoding = 4; lastKnownFileType = sourcecode.c.h; path = CPTUtilities.h; sourceTree = "<group>"; };
		AAE0630416FFFE6E000C5E98 /* CPTXYAxis.h */ = {isa = PBXFileReference; fileEncoding = 4; lastKnownFileType = sourcecode.c.h; path = CPTXYAxis.h; sourceTree = "<group>"; };
		AAE0630516FFFE6E000C5E98 /* CPTXYAxisSet.h */ = {isa = PBXFileReference; fileEncoding = 4; lastKnownFileType = sourcecode.c.h; path = CPTXYAxisSet.h; sourceTree = "<group>"; };
		AAE0630616FFFE6E000C5E98 /* CPTXYGraph.h */ = {isa = PBXFileReference; fileEncoding = 4; lastKnownFileType = sourcecode.c.h; path = CPTXYGraph.h; sourceTree = "<group>"; };
		AAE0630716FFFE6E000C5E98 /* CPTXYPlotSpace.h */ = {isa = PBXFileReference; fileEncoding = 4; lastKnownFileType = sourcecode.c.h; path = CPTXYPlotSpace.h; sourceTree = "<group>"; };
		AAE0630816FFFE6E000C5E98 /* NSCoderExtensions.h */ = {isa = PBXFileReference; fileEncoding = 4; lastKnownFileType = sourcecode.c.h; path = NSCoderExtensions.h; sourceTree = "<group>"; };
		AAE0630916FFFE6E000C5E98 /* NSDecimalNumberExtensions.h */ = {isa = PBXFileReference; fileEncoding = 4; lastKnownFileType = sourcecode.c.h; path = NSDecimalNumberExtensions.h; sourceTree = "<group>"; };
		AAE0630A16FFFE6E000C5E98 /* NSNumberExtensions.h */ = {isa = PBXFileReference; fileEncoding = 4; lastKnownFileType = sourcecode.c.h; path = NSNumberExtensions.h; sourceTree = "<group>"; };
		AAE0630B16FFFE91000C5E98 /* libCorePlot-CocoaTouch.a */ = {isa = PBXFileReference; lastKnownFileType = archive.ar; path = "libCorePlot-CocoaTouch.a"; sourceTree = "<group>"; };
		AAED058C16FBEE41006843E8 /* erpUnitStore.app */ = {isa = PBXFileReference; explicitFileType = wrapper.application; includeInIndex = 0; path = erpUnitStore.app; sourceTree = BUILT_PRODUCTS_DIR; };
		AAED058F16FBEE41006843E8 /* UIKit.framework */ = {isa = PBXFileReference; lastKnownFileType = wrapper.framework; name = UIKit.framework; path = System/Library/Frameworks/UIKit.framework; sourceTree = SDKROOT; };
		AAED059116FBEE41006843E8 /* Foundation.framework */ = {isa = PBXFileReference; lastKnownFileType = wrapper.framework; name = Foundation.framework; path = System/Library/Frameworks/Foundation.framework; sourceTree = SDKROOT; };
		AAED059316FBEE41006843E8 /* CoreGraphics.framework */ = {isa = PBXFileReference; lastKnownFileType = wrapper.framework; name = CoreGraphics.framework; path = System/Library/Frameworks/CoreGraphics.framework; sourceTree = SDKROOT; };
		AAED059716FBEE41006843E8 /* erpUnitStore-Info.plist */ = {isa = PBXFileReference; lastKnownFileType = text.plist.xml; path = "erpUnitStore-Info.plist"; sourceTree = "<group>"; };
		AAED059916FBEE41006843E8 /* en */ = {isa = PBXFileReference; lastKnownFileType = text.plist.strings; name = en; path = en.lproj/InfoPlist.strings; sourceTree = "<group>"; };
		AAED059B16FBEE41006843E8 /* main.m */ = {isa = PBXFileReference; lastKnownFileType = sourcecode.c.objc; path = main.m; sourceTree = "<group>"; };
		AAED059D16FBEE41006843E8 /* erpUnitStore-Prefix.pch */ = {isa = PBXFileReference; lastKnownFileType = sourcecode.c.h; path = "erpUnitStore-Prefix.pch"; sourceTree = "<group>"; };
		AAED059E16FBEE41006843E8 /* ErpAppDelegate.h */ = {isa = PBXFileReference; lastKnownFileType = sourcecode.c.h; path = ErpAppDelegate.h; sourceTree = "<group>"; };
		AAED059F16FBEE41006843E8 /* ErpAppDelegate.m */ = {isa = PBXFileReference; lastKnownFileType = sourcecode.c.objc; path = ErpAppDelegate.m; sourceTree = "<group>"; };
		AAED05A316FBEE41006843E8 /* Default@2x.png */ = {isa = PBXFileReference; lastKnownFileType = image.png; path = "Default@2x.png"; sourceTree = "<group>"; };
		AAED05A516FBEE41006843E8 /* Default-568h@2x.png */ = {isa = PBXFileReference; lastKnownFileType = image.png; path = "Default-568h@2x.png"; sourceTree = "<group>"; };
		AAED05A716FBEE41006843E8 /* ErpViewController.h */ = {isa = PBXFileReference; lastKnownFileType = sourcecode.c.h; path = ErpViewController.h; sourceTree = "<group>"; };
		AAED05A816FBEE41006843E8 /* ErpViewController.m */ = {isa = PBXFileReference; lastKnownFileType = sourcecode.c.objc; path = ErpViewController.m; sourceTree = "<group>"; };
		AAED05AB16FBEE41006843E8 /* en */ = {isa = PBXFileReference; lastKnownFileType = file.xib; name = en; path = en.lproj/ErpViewController.xib; sourceTree = "<group>"; };
/* End PBXFileReference section */

/* Begin PBXFrameworksBuildPhase section */
		AAED058916FBEE41006843E8 /* Frameworks */ = {
			isa = PBXFrameworksBuildPhase;
			buildActionMask = 2147483647;
			files = (
				AAB889BE16FBFF3C00ED946F /* libsqlite3.dylib in Frameworks */,
				AAB889BC16FBFF1300ED946F /* Security.framework in Frameworks */,
				AAB889BA16FBFF0700ED946F /* QuartzCore.framework in Frameworks */,
				AAB889B816FBFEF000ED946F /* SystemConfiguration.framework in Frameworks */,
				AAB889B616FBFED700ED946F /* CoreMedia.framework in Frameworks */,
				AAED059416FBEE41006843E8 /* CoreGraphics.framework in Frameworks */,
				AAB889B416FBFE9F00ED946F /* CFNetwork.framework in Frameworks */,
				AAED059016FBEE41006843E8 /* UIKit.framework in Frameworks */,
				AAED059216FBEE41006843E8 /* Foundation.framework in Frameworks */,
				AAE0630C16FFFE91000C5E98 /* libCorePlot-CocoaTouch.a in Frameworks */,
			);
			runOnlyForDeploymentPostprocessing = 0;
		};
/* End PBXFrameworksBuildPhase section */

/* Begin PBXGroup section */
		AA39EDD21704916B00ED57BF /* SN */ = {
			isa = PBXGroup;
			children = (
				AA39EDD31704918800ED57BF /* RegistSNViewController.h */,
				AA39EDD41704918800ED57BF /* RegistSNViewController.m */,
				AA39EDD51704918800ED57BF /* RegistSNViewController.xib */,
			);
			name = SN;
			sourceTree = "<group>";
		};
		AA3B3B761704A8B0003B6540 /* Setting */ = {
			isa = PBXGroup;
			children = (
				AA49F89E1704B34500DB2EBA /* UserSurggestViewController.h */,
				AA49F89F1704B34500DB2EBA /* UserSurggestViewController.m */,
				AA49F8A01704B34500DB2EBA /* UserSurggestViewController.xib */,
				AA3B3B771704A8D9003B6540 /* SettingViewController.h */,
				AA3B3B781704A8D9003B6540 /* SettingViewController.m */,
				AA3B3B791704A8D9003B6540 /* SettingViewController.xib */,
				AA49F8961704B0E300DB2EBA /* HelpViewController.h */,
				AA49F8971704B0E300DB2EBA /* HelpViewController.m */,
				AA49F8981704B0E300DB2EBA /* HelpViewController.xib */,
				AA49F8A61704B5AF00DB2EBA /* SetPasswordViewController.h */,
				AA49F8A71704B5AF00DB2EBA /* SetPasswordViewController.m */,
				AA49F8A81704B5AF00DB2EBA /* SetPasswordViewController.xib */,
				AABF78AA1704DEE200289ECD /* AboutUsViewController.h */,
				AABF78AB1704DEE200289ECD /* AboutUsViewController.m */,
				AABF78AC1704DEE200289ECD /* AboutUsViewController.xib */,
			);
			name = Setting;
			sourceTree = "<group>";
		};
		AA49F89B1704B1B300DB2EBA /* HTML */ = {
			isa = PBXGroup;
			children = (
				AA49F89C1704B1C600DB2EBA /* license.html */,
			);
			name = HTML;
			sourceTree = "<group>";
		};
		AA718AE016FD763F00C71C3E /* Menu */ = {
			isa = PBXGroup;
			children = (
				AA718AE116FD76A300C71C3E /* MenuViewController.h */,
				AA718AE216FD76A300C71C3E /* MenuViewController.m */,
				AA718AE316FD76A300C71C3E /* MenuViewController.xib */,
			);
			name = Menu;
			sourceTree = "<group>";
		};
		AA7D5C9E170298D300B6BA2D /* Inventory */ = {
			isa = PBXGroup;
			children = (
				AA7D5C9F170298FA00B6BA2D /* GoodsInventoryViewController.h */,
				AA7D5CA0170298FA00B6BA2D /* GoodsInventoryViewController.m */,
				AA7D5CA1170298FA00B6BA2D /* GoodsInventoryViewController.xib */,
				AA27A2481702D2740089463E /* GoodsInformationViewController.h */,
				AA27A2491702D2740089463E /* GoodsInformationViewController.m */,
				AA27A24A1702D2740089463E /* GoodsInformationViewController.xib */,
				AABF7E681703D4F30094CF3B /* LibraryViewController.h */,
				AABF7E691703D4F30094CF3B /* LibraryViewController.m */,
				AABF7E6A1703D4F30094CF3B /* LibraryViewController.xib */,
				AABF7E701703E5EF0094CF3B /* LibraryInformationController.h */,
				AABF7E711703E5EF0094CF3B /* LibraryInformationController.m */,
				AABF7E721703E5EF0094CF3B /* LibraryInformationController.xib */,
			);
			name = Inventory;
			sourceTree = "<group>";
		};
		AA7D5CA417029D9F00B6BA2D /* CustomCell */ = {
			isa = PBXGroup;
			children = (
				AA7D5CA517029DD100B6BA2D /* GoodsInvestoryCell.h */,
				AA7D5CA617029DD100B6BA2D /* GoodsInvestoryCell.m */,
				AABF7E6D1703DC2F0094CF3B /* LibraryCell.h */,
				AABF7E6E1703DC2F0094CF3B /* LibraryCell.m */,
				AAAF6700170420F10074FF90 /* GoodssellCell.h */,
				AAAF6701170420F10074FF90 /* GoodssellCell.m */,
			);
			name = CustomCell;
			sourceTree = "<group>";
		};
		AAB6562116FEF4C9005C3C3A /* Sellchart */ = {
			isa = PBXGroup;
			children = (
				AAB6562216FEF50B005C3C3A /* SellChartViewController.h */,
				AAB6562316FEF50B005C3C3A /* SellChartViewController.m */,
				AAB6562416FEF50B005C3C3A /* SellChartViewController.xib */,
				AAAF66FB17041DB60074FF90 /* GoodsSellListViewController.h */,
				AAAF66FC17041DB60074FF90 /* GoodsSellListViewController.m */,
				AAAF66FD17041DB60074FF90 /* GoodsSellListViewController.xib */,
			);
			name = Sellchart;
			sourceTree = "<group>";
		};
		AAB8896416FBF6F100ED946F /* Class */ = {
			isa = PBXGroup;
			children = (
				AA49F8A31704B42600DB2EBA /* YMUIButton.h */,
				AA49F8A41704B42600DB2EBA /* YMUIButton.m */,
				AAD7388816FEC42A00047C38 /* UserModel.h */,
				AAD7388916FEC42A00047C38 /* UserModel.m */,
				AAD7388516FEC2AC00047C38 /* YMDbClass.h */,
				AAD7388616FEC2AC00047C38 /* YMDbClass.m */,
				AAB889AF16FBFA2000ED946F /* YMGlobal.h */,
				AAB889B016FBFA2000ED946F /* YMGlobal.m */,
				AAB889AD16FBF9FC00ED946F /* MBProgressHUD.h */,
				AAB889AE16FBF9FC00ED946F /* MBProgressHUD.m */,
				AAB8898B16FBF72F00ED946F /* MKNetworkKit */,
				AAB8896516FBF70B00ED946F /* SBJson */,
			);
			name = Class;
			sourceTree = "<group>";
		};
		AAB8896516FBF70B00ED946F /* SBJson */ = {
			isa = PBXGroup;
			children = (
				AAB8896616FBF70B00ED946F /* NSObject+SBJson.h */,
				AAB8896716FBF70B00ED946F /* NSObject+SBJson.m */,
				AAB8896816FBF70B00ED946F /* SBJson.h */,
				AAB8896916FBF70B00ED946F /* SBJsonParser.h */,
				AAB8896A16FBF70B00ED946F /* SBJsonParser.m */,
				AAB8896B16FBF70B00ED946F /* SBJsonStreamParser.h */,
				AAB8896C16FBF70B00ED946F /* SBJsonStreamParser.m */,
				AAB8896D16FBF70B00ED946F /* SBJsonStreamParserAccumulator.h */,
				AAB8896E16FBF70B00ED946F /* SBJsonStreamParserAccumulator.m */,
				AAB8896F16FBF70B00ED946F /* SBJsonStreamParserAdapter.h */,
				AAB8897016FBF70B00ED946F /* SBJsonStreamParserAdapter.m */,
				AAB8897116FBF70B00ED946F /* SBJsonStreamParserState.h */,
				AAB8897216FBF70B00ED946F /* SBJsonStreamParserState.m */,
				AAB8897316FBF70B00ED946F /* SBJsonStreamWriter.h */,
				AAB8897416FBF70B00ED946F /* SBJsonStreamWriter.m */,
				AAB8897516FBF70B00ED946F /* SBJsonStreamWriterAccumulator.h */,
				AAB8897616FBF70B00ED946F /* SBJsonStreamWriterAccumulator.m */,
				AAB8897716FBF70B00ED946F /* SBJsonStreamWriterState.h */,
				AAB8897816FBF70B00ED946F /* SBJsonStreamWriterState.m */,
				AAB8897916FBF70B00ED946F /* SBJsonTokeniser.h */,
				AAB8897A16FBF70B00ED946F /* SBJsonTokeniser.m */,
				AAB8897B16FBF70B00ED946F /* SBJsonUTF8Stream.h */,
				AAB8897C16FBF70B00ED946F /* SBJsonUTF8Stream.m */,
				AAB8897D16FBF70B00ED946F /* SBJsonWriter.h */,
				AAB8897E16FBF70B00ED946F /* SBJsonWriter.m */,
			);
			path = SBJson;
			sourceTree = "<group>";
		};
		AAB8898B16FBF72F00ED946F /* MKNetworkKit */ = {
			isa = PBXGroup;
			children = (
				AAB8898C16FBF72F00ED946F /* Categories */,
				AAB8899816FBF72F00ED946F /* MKNetworkEngine.h */,
				AAB8899916FBF72F00ED946F /* MKNetworkEngine.m */,
				AAB8899A16FBF72F00ED946F /* MKNetworkKit.h */,
				AAB8899B16FBF72F00ED946F /* MKNetworkOperation.h */,
				AAB8899C16FBF72F00ED946F /* MKNetworkOperation.m */,
				AAB8899D16FBF72F00ED946F /* Reachability */,
			);
			path = MKNetworkKit;
			sourceTree = "<group>";
		};
		AAB8898C16FBF72F00ED946F /* Categories */ = {
			isa = PBXGroup;
			children = (
				AAB8898D16FBF72F00ED946F /* NSAlert+MKNetworkKitAdditions.m */,
				AAB8898E16FBF72F00ED946F /* NSData+Base64.h */,
				AAB8898F16FBF72F00ED946F /* NSData+Base64.m */,
				AAB8899016FBF72F00ED946F /* NSDate+RFC1123.h */,
				AAB8899116FBF72F00ED946F /* NSDate+RFC1123.m */,
				AAB8899216FBF72F00ED946F /* NSDictionary+RequestEncoding.h */,
				AAB8899316FBF72F00ED946F /* NSDictionary+RequestEncoding.m */,
				AAB8899416FBF72F00ED946F /* NSString+MKNetworkKitAdditions.h */,
				AAB8899516FBF72F00ED946F /* NSString+MKNetworkKitAdditions.m */,
				AAB8899616FBF72F00ED946F /* UIAlertView+MKNetworkKitAdditions.h */,
				AAB8899716FBF72F00ED946F /* UIAlertView+MKNetworkKitAdditions.m */,
			);
			path = Categories;
			sourceTree = "<group>";
		};
		AAB8899D16FBF72F00ED946F /* Reachability */ = {
			isa = PBXGroup;
			children = (
				AAB8899E16FBF72F00ED946F /* Reachability.h */,
				AAB8899F16FBF72F00ED946F /* Reachability.m */,
			);
			path = Reachability;
			sourceTree = "<group>";
		};
		AAB889A916FBF74900ED946F /* Images */ = {
			isa = PBXGroup;
			children = (
				AAB2EDB61704F6B600FC2F0F /* slide3.jpg */,
				AAB2EDB71704F6B600FC2F0F /* slide1.jpg */,
				AAB2EDB81704F6B600FC2F0F /* slide2.png */,
				AABF78B91704EA1C00289ECD /* yszk.png */,
				AABF78B71704E9B100289ECD /* spxd.png */,
				AABF78B51704E94D00289ECD /* gys.png */,
				AABF78B31704E90200289ECD /* Icon@2x.png */,
				AABF78B11704E8E800289ECD /* Icon-Small@2x.png */,
				AABF78AF1704E8D800289ECD /* icon.png */,
				AABF78A81704DCEB00289ECD /* ic_launcher.png */,
				AABF78A61704DCB300289ECD /* aboutus.png */,
				AAC4E45B170452CF00B65627 /* sz.png */,
				AAC4E459170452A600B65627 /* xinxi.png */,
				AAC4E4571704526B00B65627 /* gy.png */,
				AAC4E4551704526000B65627 /* exit.png */,
				AAAF66F9170405350074FF90 /* Default.png */,
				AAB6562716FEF900005C3C3A /* tj_bj.png */,
				AAD7389716FEE04900047C38 /* yg.png */,
				AAD7389516FED37D00047C38 /* bold_on.png */,
				AAD7389316FED23900047C38 /* cg.png */,
				AAD7389116FED22800047C38 /* hy.png */,
				AAD7388F16FED22400047C38 /* kc.png */,
				AAD7388D16FED21D00047C38 /* op_bj.png */,
				AAD7388B16FED1FF00047C38 /* xs.png */,
				AAD7388316FEBDEB00047C38 /* login_btn.png */,
				AAD7388116FEBD1C00047C38 /* title.png */,
				AAD7387F16FEBBED00047C38 /* bold.png */,
				AAD7387D16FEBBE500047C38 /* bj.png */,
				AAED05A516FBEE41006843E8 /* Default-568h@2x.png */,
				AAED05A316FBEE41006843E8 /* Default@2x.png */,
			);
			name = Images;
			sourceTree = "<group>";
		};
		AABF7E621703D41E0094CF3B /* suppliers */ = {
			isa = PBXGroup;
			children = (
				AABF7E631703D43F0094CF3B /* SuppliersListViewController.h */,
				AABF7E641703D43F0094CF3B /* SuppliersListViewController.m */,
				AABF7E651703D43F0094CF3B /* SuppliersListViewController.xib */,
				AA4384AE1704391F008D9867 /* SupplierInformationViewController.h */,
				AA4384AF1704391F008D9867 /* SupplierInformationViewController.m */,
				AA4384B01704391F008D9867 /* SupplierInformationViewController.xib */,
			);
			name = suppliers;
			sourceTree = "<group>";
		};
		AAC4E45D1704532E00B65627 /* slide */ = {
			isa = PBXGroup;
			children = (
				AAC4E45E1704534400B65627 /* SlideViewController.h */,
				AAC4E45F1704534400B65627 /* SlideViewController.m */,
				AAC4E4601704534400B65627 /* SlideViewController.xib */,
			);
			name = slide;
			sourceTree = "<group>";
		};
		AAE062BB16FFFE6D000C5E98 /* CorePlotHeaders */ = {
			isa = PBXGroup;
			children = (
				AAE062BC16FFFE6D000C5E98 /* _CPTConstraintsFixed.h */,
				AAE062BD16FFFE6D000C5E98 /* _CPTConstraintsRelative.h */,
				AAE062BE16FFFE6D000C5E98 /* _CPTDarkGradientTheme.h */,
				AAE062BF16FFFE6D000C5E98 /* _CPTFillColor.h */,
				AAE062C016FFFE6D000C5E98 /* _CPTFillGradient.h */,
				AAE062C116FFFE6D000C5E98 /* _CPTFillImage.h */,
				AAE062C216FFFE6D000C5E98 /* _CPTPlainBlackTheme.h */,
				AAE062C316FFFE6D000C5E98 /* _CPTPlainWhiteTheme.h */,
				AAE062C416FFFE6D000C5E98 /* _CPTSlateTheme.h */,
				AAE062C516FFFE6D000C5E98 /* _CPTStocksTheme.h */,
				AAE062C616FFFE6D000C5E98 /* _CPTXYTheme.h */,
				AAE062C716FFFE6D000C5E98 /* CorePlot-CocoaTouch.h */,
				AAE062C816FFFE6D000C5E98 /* CPTAnnotation.h */,
				AAE062C916FFFE6D000C5E98 /* CPTAnnotationHostLayer.h */,
				AAE062CA16FFFE6D000C5E98 /* CPTAxis.h */,
				AAE062CB16FFFE6E000C5E98 /* CPTAxisLabel.h */,
				AAE062CC16FFFE6E000C5E98 /* CPTAxisLabelGroup.h */,
				AAE062CD16FFFE6E000C5E98 /* CPTAxisSet.h */,
				AAE062CE16FFFE6E000C5E98 /* CPTAxisTitle.h */,
				AAE062CF16FFFE6E000C5E98 /* CPTBarPlot.h */,
				AAE062D016FFFE6E000C5E98 /* CPTBorderedLayer.h */,
				AAE062D116FFFE6E000C5E98 /* CPTColor.h */,
				AAE062D216FFFE6E000C5E98 /* CPTColorSpace.h */,
				AAE062D316FFFE6E000C5E98 /* CPTConstraints.h */,
				AAE062D416FFFE6E000C5E98 /* CPTDefinitions.h */,
				AAE062D516FFFE6E000C5E98 /* CPTExceptions.h */,
				AAE062D616FFFE6E000C5E98 /* CPTFill.h */,
				AAE062D716FFFE6E000C5E98 /* CPTGradient.h */,
				AAE062D816FFFE6E000C5E98 /* CPTGraph.h */,
				AAE062D916FFFE6E000C5E98 /* CPTGraphHostingView.h */,
				AAE062DA16FFFE6E000C5E98 /* CPTGridLineGroup.h */,
				AAE062DB16FFFE6E000C5E98 /* CPTGridLines.h */,
				AAE062DC16FFFE6E000C5E98 /* CPTImage.h */,
				AAE062DD16FFFE6E000C5E98 /* CPTLayer.h */,
				AAE062DE16FFFE6E000C5E98 /* CPTLayerAnnotation.h */,
				AAE062DF16FFFE6E000C5E98 /* CPTLegend.h */,
				AAE062E016FFFE6E000C5E98 /* CPTLegendEntry.h */,
				AAE062E116FFFE6E000C5E98 /* CPTLimitBand.h */,
				AAE062E216FFFE6E000C5E98 /* CPTLineCap.h */,
				AAE062E316FFFE6E000C5E98 /* CPTLineStyle.h */,
				AAE062E416FFFE6E000C5E98 /* CPTMutableLineStyle.h */,
				AAE062E516FFFE6E000C5E98 /* CPTMutableNumericData+TypeConversion.h */,
				AAE062E616FFFE6E000C5E98 /* CPTMutableNumericData.h */,
				AAE062E716FFFE6E000C5E98 /* CPTMutablePlotRange.h */,
				AAE062E816FFFE6E000C5E98 /* CPTMutableShadow.h */,
				AAE062E916FFFE6E000C5E98 /* CPTMutableTextStyle.h */,
				AAE062EA16FFFE6E000C5E98 /* CPTNumericData+TypeConversion.h */,
				AAE062EB16FFFE6E000C5E98 /* CPTNumericData.h */,
				AAE062EC16FFFE6E000C5E98 /* CPTNumericDataType.h */,
				AAE062ED16FFFE6E000C5E98 /* CPTPathExtensions.h */,
				AAE062EE16FFFE6E000C5E98 /* CPTPieChart.h */,
				AAE062EF16FFFE6E000C5E98 /* CPTPlatformSpecificCategories.h */,
				AAE062F016FFFE6E000C5E98 /* CPTPlatformSpecificDefines.h */,
				AAE062F116FFFE6E000C5E98 /* CPTPlatformSpecificFunctions.h */,
				AAE062F216FFFE6E000C5E98 /* CPTPlot.h */,
				AAE062F316FFFE6E000C5E98 /* CPTPlotArea.h */,
				AAE062F416FFFE6E000C5E98 /* CPTPlotAreaFrame.h */,
				AAE062F516FFFE6E000C5E98 /* CPTPlotGroup.h */,
				AAE062F616FFFE6E000C5E98 /* CPTPlotRange.h */,
				AAE062F716FFFE6E000C5E98 /* CPTPlotSpace.h */,
				AAE062F816FFFE6E000C5E98 /* CPTPlotSpaceAnnotation.h */,
				AAE062F916FFFE6E000C5E98 /* CPTPlotSymbol.h */,
				AAE062FA16FFFE6E000C5E98 /* CPTRangePlot.h */,
				AAE062FB16FFFE6E000C5E98 /* CPTResponder.h */,
				AAE062FC16FFFE6E000C5E98 /* CPTScatterPlot.h */,
				AAE062FD16FFFE6E000C5E98 /* CPTShadow.h */,
				AAE062FE16FFFE6E000C5E98 /* CPTTextLayer.h */,
				AAE062FF16FFFE6E000C5E98 /* CPTTextStyle.h */,
				AAE0630016FFFE6E000C5E98 /* CPTTheme.h */,
				AAE0630116FFFE6E000C5E98 /* CPTTimeFormatter.h */,
				AAE0630216FFFE6E000C5E98 /* CPTTradingRangePlot.h */,
				AAE0630316FFFE6E000C5E98 /* CPTUtilities.h */,
				AAE0630416FFFE6E000C5E98 /* CPTXYAxis.h */,
				AAE0630516FFFE6E000C5E98 /* CPTXYAxisSet.h */,
				AAE0630616FFFE6E000C5E98 /* CPTXYGraph.h */,
				AAE0630716FFFE6E000C5E98 /* CPTXYPlotSpace.h */,
				AAE0630816FFFE6E000C5E98 /* NSCoderExtensions.h */,
				AAE0630916FFFE6E000C5E98 /* NSDecimalNumberExtensions.h */,
				AAE0630A16FFFE6E000C5E98 /* NSNumberExtensions.h */,
			);
			path = CorePlotHeaders;
			sourceTree = "<group>";
		};
		AAED058316FBEE41006843E8 = {
			isa = PBXGroup;
			children = (
				AAED059516FBEE41006843E8 /* erpUnitStore */,
				AAED058E16FBEE41006843E8 /* Frameworks */,
				AAED058D16FBEE41006843E8 /* Products */,
			);
			sourceTree = "<group>";
		};
		AAED058D16FBEE41006843E8 /* Products */ = {
			isa = PBXGroup;
			children = (
				AAED058C16FBEE41006843E8 /* erpUnitStore.app */,
			);
			name = Products;
			sourceTree = "<group>";
		};
		AAED058E16FBEE41006843E8 /* Frameworks */ = {
			isa = PBXGroup;
			children = (
				AAE0630B16FFFE91000C5E98 /* libCorePlot-CocoaTouch.a */,
				AAB889B316FBFE9F00ED946F /* CFNetwork.framework */,
				AAB889B516FBFED600ED946F /* CoreMedia.framework */,
				AAB889B716FBFEF000ED946F /* SystemConfiguration.framework */,
				AAB889B916FBFF0700ED946F /* QuartzCore.framework */,
				AAB889BB16FBFF1300ED946F /* Security.framework */,
				AAB889BD16FBFF3C00ED946F /* libsqlite3.dylib */,
				AAED058F16FBEE41006843E8 /* UIKit.framework */,
				AAED059116FBEE41006843E8 /* Foundation.framework */,
				AAED059316FBEE41006843E8 /* CoreGraphics.framework */,
			);
			name = Frameworks;
			sourceTree = "<group>";
		};
		AAED059516FBEE41006843E8 /* erpUnitStore */ = {
			isa = PBXGroup;
			children = (
				AAED059E16FBEE41006843E8 /* ErpAppDelegate.h */,
				AAED059F16FBEE41006843E8 /* ErpAppDelegate.m */,
				AAED05A716FBEE41006843E8 /* ErpViewController.h */,
				AAED05A816FBEE41006843E8 /* ErpViewController.m */,
				AAED05AA16FBEE41006843E8 /* ErpViewController.xib */,
				AA3B3B761704A8B0003B6540 /* Setting */,
				AA39EDD21704916B00ED57BF /* SN */,
				AAC4E45D1704532E00B65627 /* slide */,
				AABF7E621703D41E0094CF3B /* suppliers */,
				AA7D5C9E170298D300B6BA2D /* Inventory */,
				AAB6562116FEF4C9005C3C3A /* Sellchart */,
				AA718AE016FD763F00C71C3E /* Menu */,
				AAED059616FBEE41006843E8 /* Supporting Files */,
			);
			path = erpUnitStore;
			sourceTree = "<group>";
		};
		AAED059616FBEE41006843E8 /* Supporting Files */ = {
			isa = PBXGroup;
			children = (
				AA49F89B1704B1B300DB2EBA /* HTML */,
				AA7D5CA417029D9F00B6BA2D /* CustomCell */,
				AAE062BB16FFFE6D000C5E98 /* CorePlotHeaders */,
				AAB889A916FBF74900ED946F /* Images */,
				AAB8896416FBF6F100ED946F /* Class */,
				AAED059716FBEE41006843E8 /* erpUnitStore-Info.plist */,
				AAED059816FBEE41006843E8 /* InfoPlist.strings */,
				AAED059B16FBEE41006843E8 /* main.m */,
				AAED059D16FBEE41006843E8 /* erpUnitStore-Prefix.pch */,
				AAB889AA16FBF7B700ED946F /* Constants.h */,
			);
			name = "Supporting Files";
			sourceTree = "<group>";
		};
/* End PBXGroup section */

/* Begin PBXNativeTarget section */
		AAED058B16FBEE41006843E8 /* erpUnitStore */ = {
			isa = PBXNativeTarget;
			buildConfigurationList = AAED05AF16FBEE41006843E8 /* Build configuration list for PBXNativeTarget "erpUnitStore" */;
			buildPhases = (
				AAED058816FBEE41006843E8 /* Sources */,
				AAED058916FBEE41006843E8 /* Frameworks */,
				AAED058A16FBEE41006843E8 /* Resources */,
			);
			buildRules = (
			);
			dependencies = (
			);
			name = erpUnitStore;
			productName = erpUnitStore;
			productReference = AAED058C16FBEE41006843E8 /* erpUnitStore.app */;
			productType = "com.apple.product-type.application";
		};
/* End PBXNativeTarget section */

/* Begin PBXProject section */
		AAED058416FBEE41006843E8 /* Project object */ = {
			isa = PBXProject;
			attributes = {
				CLASSPREFIX = Erp;
				LastUpgradeCheck = 0460;
				ORGANIZATIONNAME = maimaicha;
			};
			buildConfigurationList = AAED058716FBEE41006843E8 /* Build configuration list for PBXProject "erpUnitStore" */;
			compatibilityVersion = "Xcode 3.2";
			developmentRegion = English;
			hasScannedForEncodings = 0;
			knownRegions = (
				en,
			);
			mainGroup = AAED058316FBEE41006843E8;
			productRefGroup = AAED058D16FBEE41006843E8 /* Products */;
			projectDirPath = "";
			projectRoot = "";
			targets = (
				AAED058B16FBEE41006843E8 /* erpUnitStore */,
			);
		};
/* End PBXProject section */

/* Begin PBXResourcesBuildPhase section */
		AAED058A16FBEE41006843E8 /* Resources */ = {
			isa = PBXResourcesBuildPhase;
			buildActionMask = 2147483647;
			files = (
				AAED059A16FBEE41006843E8 /* InfoPlist.strings in Resources */,
				AAED05A416FBEE41006843E8 /* Default@2x.png in Resources */,
				AAED05A616FBEE41006843E8 /* Default-568h@2x.png in Resources */,
				AAED05AC16FBEE41006843E8 /* ErpViewController.xib in Resources */,
				AA718AE516FD76A300C71C3E /* MenuViewController.xib in Resources */,
				AAD7387E16FEBBE500047C38 /* bj.png in Resources */,
				AAD7388016FEBBED00047C38 /* bold.png in Resources */,
				AAD7388216FEBD1C00047C38 /* title.png in Resources */,
				AAD7388416FEBDEB00047C38 /* login_btn.png in Resources */,
				AAD7388C16FED1FF00047C38 /* xs.png in Resources */,
				AAD7388E16FED21D00047C38 /* op_bj.png in Resources */,
				AAD7389016FED22400047C38 /* kc.png in Resources */,
				AAD7389216FED22800047C38 /* hy.png in Resources */,
				AAD7389416FED23A00047C38 /* cg.png in Resources */,
				AAD7389616FED37D00047C38 /* bold_on.png in Resources */,
				AAD7389816FEE04A00047C38 /* yg.png in Resources */,
				AAB6562616FEF50B005C3C3A /* SellChartViewController.xib in Resources */,
				AAB6562816FEF900005C3C3A /* tj_bj.png in Resources */,
				AA7D5CA3170298FA00B6BA2D /* GoodsInventoryViewController.xib in Resources */,
				AA27A24C1702D2740089463E /* GoodsInformationViewController.xib in Resources */,
				AABF7E671703D43F0094CF3B /* SuppliersListViewController.xib in Resources */,
				AABF7E6C1703D4F30094CF3B /* LibraryViewController.xib in Resources */,
				AABF7E741703E5F00094CF3B /* LibraryInformationController.xib in Resources */,
				AAAF66FA170405350074FF90 /* Default.png in Resources */,
				AAAF66FF17041DB60074FF90 /* GoodsSellListViewController.xib in Resources */,
				AA4384B21704391F008D9867 /* SupplierInformationViewController.xib in Resources */,
				AAC4E4561704526000B65627 /* exit.png in Resources */,
				AAC4E4581704526B00B65627 /* gy.png in Resources */,
				AAC4E45A170452A600B65627 /* xinxi.png in Resources */,
				AAC4E45C170452CF00B65627 /* sz.png in Resources */,
				AAC4E4621704534400B65627 /* SlideViewController.xib in Resources */,
				AA39EDD71704918800ED57BF /* RegistSNViewController.xib in Resources */,
				AA3B3B7B1704A8D9003B6540 /* SettingViewController.xib in Resources */,
				AA49F89A1704B0E300DB2EBA /* HelpViewController.xib in Resources */,
				AA49F89D1704B1C600DB2EBA /* license.html in Resources */,
				AA49F8A21704B34500DB2EBA /* UserSurggestViewController.xib in Resources */,
				AA49F8AA1704B5AF00DB2EBA /* SetPasswordViewController.xib in Resources */,
				AABF78A71704DCB300289ECD /* aboutus.png in Resources */,
				AABF78A91704DCEB00289ECD /* ic_launcher.png in Resources */,
				AABF78AE1704DEE200289ECD /* AboutUsViewController.xib in Resources */,
				AABF78B01704E8D800289ECD /* icon.png in Resources */,
				AABF78B21704E8E900289ECD /* Icon-Small@2x.png in Resources */,
				AABF78B41704E90200289ECD /* Icon@2x.png in Resources */,
				AABF78B61704E94E00289ECD /* gys.png in Resources */,
				AABF78B81704E9B100289ECD /* spxd.png in Resources */,
				AABF78BA1704EA1C00289ECD /* yszk.png in Resources */,
				AAB2EDB91704F6B600FC2F0F /* slide3.jpg in Resources */,
				AAB2EDBA1704F6B600FC2F0F /* slide1.jpg in Resources */,
				AAB2EDBB1704F6B600FC2F0F /* slide2.png in Resources */,
			);
			runOnlyForDeploymentPostprocessing = 0;
		};
/* End PBXResourcesBuildPhase section */

/* Begin PBXSourcesBuildPhase section */
		AAED058816FBEE41006843E8 /* Sources */ = {
			isa = PBXSourcesBuildPhase;
			buildActionMask = 2147483647;
			files = (
				AAED059C16FBEE41006843E8 /* main.m in Sources */,
				AAED05A016FBEE41006843E8 /* ErpAppDelegate.m in Sources */,
				AAED05A916FBEE41006843E8 /* ErpViewController.m in Sources */,
				AAB8897F16FBF70B00ED946F /* NSObject+SBJson.m in Sources */,
				AAB8898016FBF70B00ED946F /* SBJsonParser.m in Sources */,
				AAB8898116FBF70B00ED946F /* SBJsonStreamParser.m in Sources */,
				AAB8898216FBF70B00ED946F /* SBJsonStreamParserAccumulator.m in Sources */,
				AAB8898316FBF70B00ED946F /* SBJsonStreamParserAdapter.m in Sources */,
				AAB8898416FBF70B00ED946F /* SBJsonStreamParserState.m in Sources */,
				AAB8898516FBF70B00ED946F /* SBJsonStreamWriter.m in Sources */,
				AAB8898616FBF70B00ED946F /* SBJsonStreamWriterAccumulator.m in Sources */,
				AAB8898716FBF70B00ED946F /* SBJsonStreamWriterState.m in Sources */,
				AAB8898816FBF70B00ED946F /* SBJsonTokeniser.m in Sources */,
				AAB8898916FBF70B00ED946F /* SBJsonUTF8Stream.m in Sources */,
				AAB8898A16FBF70B00ED946F /* SBJsonWriter.m in Sources */,
				AAB889A016FBF72F00ED946F /* NSAlert+MKNetworkKitAdditions.m in Sources */,
				AAB889A116FBF72F00ED946F /* NSData+Base64.m in Sources */,
				AAB889A216FBF72F00ED946F /* NSDate+RFC1123.m in Sources */,
				AAB889A316FBF72F00ED946F /* NSDictionary+RequestEncoding.m in Sources */,
				AAB889A416FBF72F00ED946F /* NSString+MKNetworkKitAdditions.m in Sources */,
				AAB889A516FBF72F00ED946F /* UIAlertView+MKNetworkKitAdditions.m in Sources */,
				AAB889A616FBF72F00ED946F /* MKNetworkEngine.m in Sources */,
				AAB889A716FBF72F00ED946F /* MKNetworkOperation.m in Sources */,
				AAB889A816FBF72F00ED946F /* Reachability.m in Sources */,
				AAB889B116FBFA2000ED946F /* YMGlobal.m in Sources */,
				AAB889B216FBFA2900ED946F /* MBProgressHUD.m in Sources */,
				AA718AE416FD76A300C71C3E /* MenuViewController.m in Sources */,
				AAD7388716FEC2AC00047C38 /* YMDbClass.m in Sources */,
				AAD7388A16FEC42A00047C38 /* UserModel.m in Sources */,
				AAB6562516FEF50B005C3C3A /* SellChartViewController.m in Sources */,
				AA7D5CA2170298FA00B6BA2D /* GoodsInventoryViewController.m in Sources */,
				AA7D5CA717029DD100B6BA2D /* GoodsInvestoryCell.m in Sources */,
				AA27A24B1702D2740089463E /* GoodsInformationViewController.m in Sources */,
				AABF7E661703D43F0094CF3B /* SuppliersListViewController.m in Sources */,
				AABF7E6B1703D4F30094CF3B /* LibraryViewController.m in Sources */,
				AABF7E6F1703DC300094CF3B /* LibraryCell.m in Sources */,
				AABF7E731703E5F00094CF3B /* LibraryInformationController.m in Sources */,
				AAAF66FE17041DB60074FF90 /* GoodsSellListViewController.m in Sources */,
				AAAF6702170420F10074FF90 /* GoodssellCell.m in Sources */,
				AA4384B11704391F008D9867 /* SupplierInformationViewController.m in Sources */,
				AAC4E4611704534400B65627 /* SlideViewController.m in Sources */,
				AA39EDD61704918800ED57BF /* RegistSNViewController.m in Sources */,
				AA3B3B7A1704A8D9003B6540 /* SettingViewController.m in Sources */,
				AA49F8991704B0E300DB2EBA /* HelpViewController.m in Sources */,
				AA49F8A11704B34500DB2EBA /* UserSurggestViewController.m in Sources */,
				AA49F8A51704B42600DB2EBA /* YMUIButton.m in Sources */,
				AA49F8A91704B5AF00DB2EBA /* SetPasswordViewController.m in Sources */,
				AABF78AD1704DEE200289ECD /* AboutUsViewController.m in Sources */,
			);
			runOnlyForDeploymentPostprocessing = 0;
		};
/* End PBXSourcesBuildPhase section */

/* Begin PBXVariantGroup section */
		AAED059816FBEE41006843E8 /* InfoPlist.strings */ = {
			isa = PBXVariantGroup;
			children = (
				AAED059916FBEE41006843E8 /* en */,
			);
			name = InfoPlist.strings;
			sourceTree = "<group>";
		};
		AAED05AA16FBEE41006843E8 /* ErpViewController.xib */ = {
			isa = PBXVariantGroup;
			children = (
				AAED05AB16FBEE41006843E8 /* en */,
			);
			name = ErpViewController.xib;
			sourceTree = "<group>";
		};
/* End PBXVariantGroup section */

/* Begin XCBuildConfiguration section */
		AAED05AD16FBEE41006843E8 /* Debug */ = {
			isa = XCBuildConfiguration;
			buildSettings = {
				ALWAYS_SEARCH_USER_PATHS = NO;
				CLANG_CXX_LANGUAGE_STANDARD = "gnu++0x";
				CLANG_CXX_LIBRARY = "libc++";
				CLANG_ENABLE_OBJC_ARC = YES;
				CLANG_WARN_CONSTANT_CONVERSION = YES;
				CLANG_WARN_EMPTY_BODY = YES;
				CLANG_WARN_ENUM_CONVERSION = YES;
				CLANG_WARN_INT_CONVERSION = YES;
				CLANG_WARN__DUPLICATE_METHOD_MATCH = YES;
				CODE_SIGN_IDENTITY = "iPhone Developer: XianHe Chen (6FXCE4M43E)";
				"CODE_SIGN_IDENTITY[sdk=iphoneos*]" = "iPhone Developer: XianHe Chen (6FXCE4M43E)";
				COPY_PHASE_STRIP = NO;
				GCC_C_LANGUAGE_STANDARD = gnu99;
				GCC_DYNAMIC_NO_PIC = NO;
				GCC_OPTIMIZATION_LEVEL = 0;
				GCC_PREPROCESSOR_DEFINITIONS = (
					"DEBUG=1",
					"$(inherited)",
				);
				GCC_SYMBOLS_PRIVATE_EXTERN = NO;
				GCC_WARN_ABOUT_RETURN_TYPE = YES;
				GCC_WARN_UNINITIALIZED_AUTOS = YES;
				GCC_WARN_UNUSED_VARIABLE = YES;
				IPHONEOS_DEPLOYMENT_TARGET = 4.3;
				ONLY_ACTIVE_ARCH = YES;
				PROVISIONING_PROFILE = "592F4C41-6F4A-46A9-A2C2-C2E7074A9901";
				"PROVISIONING_PROFILE[sdk=iphoneos*]" = "592F4C41-6F4A-46A9-A2C2-C2E7074A9901";
				SDKROOT = iphoneos;
			};
			name = Debug;
		};
		AAED05AE16FBEE41006843E8 /* Release */ = {
			isa = XCBuildConfiguration;
			buildSettings = {
				ALWAYS_SEARCH_USER_PATHS = NO;
				CLANG_CXX_LANGUAGE_STANDARD = "gnu++0x";
				CLANG_CXX_LIBRARY = "libc++";
				CLANG_ENABLE_OBJC_ARC = YES;
				CLANG_WARN_CONSTANT_CONVERSION = YES;
				CLANG_WARN_EMPTY_BODY = YES;
				CLANG_WARN_ENUM_CONVERSION = YES;
				CLANG_WARN_INT_CONVERSION = YES;
				CLANG_WARN__DUPLICATE_METHOD_MATCH = YES;
				CODE_SIGN_IDENTITY = "iPhone Developer: XianHe Chen (6FXCE4M43E)";
				"CODE_SIGN_IDENTITY[sdk=iphoneos*]" = "iPhone Developer: XianHe Chen (6FXCE4M43E)";
				COPY_PHASE_STRIP = YES;
				GCC_C_LANGUAGE_STANDARD = gnu99;
				GCC_WARN_ABOUT_RETURN_TYPE = YES;
				GCC_WARN_UNINITIALIZED_AUTOS = YES;
				GCC_WARN_UNUSED_VARIABLE = YES;
				IPHONEOS_DEPLOYMENT_TARGET = 4.3;
				ONLY_ACTIVE_ARCH = YES;
				OTHER_CFLAGS = "-DNS_BLOCK_ASSERTIONS=1";
				PROVISIONING_PROFILE = "592F4C41-6F4A-46A9-A2C2-C2E7074A9901";
				"PROVISIONING_PROFILE[sdk=iphoneos*]" = "592F4C41-6F4A-46A9-A2C2-C2E7074A9901";
				SDKROOT = iphoneos;
				VALIDATE_PRODUCT = YES;
			};
			name = Release;
		};
		AAED05B016FBEE41006843E8 /* Debug */ = {
			isa = XCBuildConfiguration;
			buildSettings = {
				GCC_PRECOMPILE_PREFIX_HEADER = YES;
				GCC_PREFIX_HEADER = "erpUnitStore/erpUnitStore-Prefix.pch";
				INFOPLIST_FILE = "erpUnitStore/erpUnitStore-Info.plist";
				IPHONEOS_DEPLOYMENT_TARGET = 5.0;
				LIBRARY_SEARCH_PATHS = (
					"$(inherited)",
					"\"$(SRCROOT)\"",
				);
				OTHER_LDFLAGS = (
					"-all_load",
					"-ObjC",
				);
				PRODUCT_NAME = "$(TARGET_NAME)";
				WRAPPER_EXTENSION = app;
			};
			name = Debug;
		};
		AAED05B116FBEE41006843E8 /* Release */ = {
			isa = XCBuildConfiguration;
			buildSettings = {
				GCC_PRECOMPILE_PREFIX_HEADER = YES;
				GCC_PREFIX_HEADER = "erpUnitStore/erpUnitStore-Prefix.pch";
				INFOPLIST_FILE = "erpUnitStore/erpUnitStore-Info.plist";
				IPHONEOS_DEPLOYMENT_TARGET = 5.0;
				LIBRARY_SEARCH_PATHS = (
					"$(inherited)",
					"\"$(SRCROOT)\"",
				);
				OTHER_LDFLAGS = (
					"-all_load",
					"-ObjC",
				);
				PRODUCT_NAME = "$(TARGET_NAME)";
				WRAPPER_EXTENSION = app;
			};
			name = Release;
		};
/* End XCBuildConfiguration section */

/* Begin XCConfigurationList section */
		AAED058716FBEE41006843E8 /* Build configuration list for PBXProject "erpUnitStore" */ = {
			isa = XCConfigurationList;
			buildConfigurations = (
				AAED05AD16FBEE41006843E8 /* Debug */,
				AAED05AE16FBEE41006843E8 /* Release */,
			);
			defaultConfigurationIsVisible = 0;
			defaultConfigurationName = Release;
		};
		AAED05AF16FBEE41006843E8 /* Build configuration list for PBXNativeTarget "erpUnitStore" */ = {
			isa = XCConfigurationList;
			buildConfigurations = (
				AAED05B016FBEE41006843E8 /* Debug */,
				AAED05B116FBEE41006843E8 /* Release */,
			);
			defaultConfigurationIsVisible = 0;
			defaultConfigurationName = Release;
		};
/* End XCConfigurationList section */
	};
	rootObject = AAED058416FBEE41006843E8 /* Project object */;
}
